
Microsoft Visual Studio Solution File, Format Version 12.00
# Visual Studio Version 16
VisualStudioVersion = 16.6.30114.105
MinimumVisualStudioVersion = 10.0.40219.1
Project("{FAE04EC0-301F-11D3-BF4B-00C04F79EFBC}") = "R5T.D0104.Construction", "R5T.D0104.Construction\R5T.D0104.Construction.csproj", "{C03A3DB9-3C02-4757-A058-3EC5AEE3CCA5}"
EndProject
Project("{2150E333-8FDC-42A3-9474-1A3956D46DE8}") = "_Dependencies", "_Dependencies", "{8801956A-FFB6-44DD-8F54-70C4AFB956F9}"
EndProject
Project("{FAE04EC0-301F-11D3-BF4B-00C04F79EFBC}") = "R5T.Plymouth.ProgramAsAService", "..\..\R5T.Plymouth\source\R5T.Plymouth.ProgramAsAService\R5T.Plymouth.ProgramAsAService.csproj", "{F33D19C9-9813-445A-BE76-AC87500B8DC0}"
EndProject
Project("{FAE04EC0-301F-11D3-BF4B-00C04F79EFBC}") = "R5T.T0027.T009", "..\..\R5T.T0027\source\R5T.T0027.T009\R5T.T0027.T009.csproj", "{2A81489C-C751-4008-BAE5-4F46045EDA15}"
EndProject
Project("{FAE04EC0-301F-11D3-BF4B-00C04F79EFBC}") = "R5T.D0104.I001", "R5T.D0104.I001\R5T.D0104.I001.csproj", "{37DE64D0-8DEE-4F90-9F1A-798445D909C7}"
EndProject
Project("{FAE04EC0-301F-11D3-BF4B-00C04F79EFBC}") = "R5T.D0104.Base", "R5T.D0104.Base\R5T.D0104.Base.csproj", "{0FCD6CE7-0CBB-45BD-A86B-0488D0E09396}"
EndProject
Project("{FAE04EC0-301F-11D3-BF4B-00C04F79EFBC}") = "R5T.Dacia.Extensions", "..\..\R5T.Dacia.Extensions\source\R5T.Dacia.Extensions\R5T.Dacia.Extensions.csproj", "{ABCC6C46-BA85-4D2B-9ADC-9C8CE5EF1A6F}"
EndProject
Project("{FAE04EC0-301F-11D3-BF4B-00C04F79EFBC}") = "R5T.Dacia.T002", "..\..\R5T.Dacia\source\R5T.Dacia.T002\R5T.Dacia.T002.csproj", "{907ED654-99D4-487A-A4A5-04DE310153EC}"
EndProject
Global
	GlobalSection(SolutionConfigurationPlatforms) = preSolution
		Debug|Any CPU = Debug|Any CPU
		Debug|x64 = Debug|x64
		Debug|x86 = Debug|x86
		Release|Any CPU = Release|Any CPU
		Release|x64 = Release|x64
		Release|x86 = Release|x86
	EndGlobalSection
	GlobalSection(SolutionProperties) = preSolution
		HideSolutionNode = FALSE
	EndGlobalSection
	GlobalSection(ProjectConfigurationPlatforms) = postSolution
		{C03A3DB9-3C02-4757-A058-3EC5AEE3CCA5}.Debug|Any CPU.ActiveCfg = Debug|Any CPU
		{C03A3DB9-3C02-4757-A058-3EC5AEE3CCA5}.Debug|Any CPU.Build.0 = Debug|Any CPU
		{C03A3DB9-3C02-4757-A058-3EC5AEE3CCA5}.Debug|x64.ActiveCfg = Debug|Any CPU
		{C03A3DB9-3C02-4757-A058-3EC5AEE3CCA5}.Debug|x64.Build.0 = Debug|Any CPU
		{C03A3DB9-3C02-4757-A058-3EC5AEE3CCA5}.Debug|x86.ActiveCfg = Debug|Any CPU
		{C03A3DB9-3C02-4757-A058-3EC5AEE3CCA5}.Debug|x86.Build.0 = Debug|Any CPU
		{C03A3DB9-3C02-4757-A058-3EC5AEE3CCA5}.Release|Any CPU.ActiveCfg = Release|Any CPU
		{C03A3DB9-3C02-4757-A058-3EC5AEE3CCA5}.Release|Any CPU.Build.0 = Release|Any CPU
		{C03A3DB9-3C02-4757-A058-3EC5AEE3CCA5}.Release|x64.ActiveCfg = Release|Any CPU
		{C03A3DB9-3C02-4757-A058-3EC5AEE3CCA5}.Release|x64.Build.0 = Release|Any CPU
		{C03A3DB9-3C02-4757-A058-3EC5AEE3CCA5}.Release|x86.ActiveCfg = Release|Any CPU
		{C03A3DB9-3C02-4757-A058-3EC5AEE3CCA5}.Release|x86.Build.0 = Release|Any CPU
		{F33D19C9-9813-445A-BE76-AC87500B8DC0}.Debug|Any CPU.ActiveCfg = Debug|Any CPU
		{F33D19C9-9813-445A-BE76-AC87500B8DC0}.Debug|Any CPU.Build.0 = Debug|Any CPU
		{F33D19C9-9813-445A-BE76-AC87500B8DC0}.Debug|x64.ActiveCfg = Debug|Any CPU
		{F33D19C9-9813-445A-BE76-AC87500B8DC0}.Debug|x64.Build.0 = Debug|Any CPU
		{F33D19C9-9813-445A-BE76-AC87500B8DC0}.Debug|x86.ActiveCfg = Debug|Any CPU
		{F33D19C9-9813-445A-BE76-AC87500B8DC0}.Debug|x86.Build.0 = Debug|Any CPU
		{F33D19C9-9813-445A-BE76-AC87500B8DC0}.Release|Any CPU.ActiveCfg = Release|Any CPU
		{F33D19C9-9813-445A-BE76-AC87500B8DC0}.Release|Any CPU.Build.0 = Release|Any CPU
		{F33D19C9-9813-445A-BE76-AC87500B8DC0}.Release|x64.ActiveCfg = Release|Any CPU
		{F33D19C9-9813-445A-BE76-AC87500B8DC0}.Release|x64.Build.0 = Release|Any CPU
		{F33D19C9-9813-445A-BE76-AC87500B8DC0}.Release|x86.ActiveCfg = Release|Any CPU
		{F33D19C9-9813-445A-BE76-AC87500B8DC0}.Release|x86.Build.0 = Release|Any CPU
		{2A81489C-C751-4008-BAE5-4F46045EDA15}.Debug|Any CPU.ActiveCfg = Debug|Any CPU
		{2A81489C-C751-4008-BAE5-4F46045EDA15}.Debug|Any CPU.Build.0 = Debug|Any CPU
		{2A81489C-C751-4008-BAE5-4F46045EDA15}.Debug|x64.ActiveCfg = Debug|Any CPU
		{2A81489C-C751-4008-BAE5-4F46045EDA15}.Debug|x64.Build.0 = Debug|Any CPU
		{2A81489C-C751-4008-BAE5-4F46045EDA15}.Debug|x86.ActiveCfg = Debug|Any CPU
		{2A81489C-C751-4008-BAE5-4F46045EDA15}.Debug|x86.Build.0 = Debug|Any CPU
		{2A81489C-C751-4008-BAE5-4F46045EDA15}.Release|Any CPU.ActiveCfg = Release|Any CPU
		{2A81489C-C751-4008-BAE5-4F46045EDA15}.Release|Any CPU.Build.0 = Release|Any CPU
		{2A81489C-C751-4008-BAE5-4F46045EDA15}.Release|x64.ActiveCfg = Release|Any CPU
		{2A81489C-C751-4008-BAE5-4F46045EDA15}.Release|x64.Build.0 = Release|Any CPU
		{2A81489C-C751-4008-BAE5-4F46045EDA15}.Release|x86.ActiveCfg = Release|Any CPU
		{2A81489C-C751-4008-BAE5-4F46045EDA15}.Release|x86.Build.0 = Release|Any CPU
		{37DE64D0-8DEE-4F90-9F1A-798445D909C7}.Debug|Any CPU.ActiveCfg = Debug|Any CPU
		{37DE64D0-8DEE-4F90-9F1A-798445D909C7}.Debug|Any CPU.Build.0 = Debug|Any CPU
		{37DE64D0-8DEE-4F90-9F1A-798445D909C7}.Debug|x64.ActiveCfg = Debug|Any CPU
		{37DE64D0-8DEE-4F90-9F1A-798445D909C7}.Debug|x64.Build.0 = Debug|Any CPU
		{37DE64D0-8DEE-4F90-9F1A-798445D909C7}.Debug|x86.ActiveCfg = Debug|Any CPU
		{37DE64D0-8DEE-4F90-9F1A-798445D909C7}.Debug|x86.Build.0 = Debug|Any CPU
		{37DE64D0-8DEE-4F90-9F1A-798445D909C7}.Release|Any CPU.ActiveCfg = Release|Any CPU
		{37DE64D0-8DEE-4F90-9F1A-798445D909C7}.Release|Any CPU.Build.0 = Release|Any CPU
		{37DE64D0-8DEE-4F90-9F1A-798445D909C7}.Release|x64.ActiveCfg = Release|Any CPU
		{37DE64D0-8DEE-4F90-9F1A-798445D909C7}.Release|x64.Build.0 = Release|Any CPU
		{37DE64D0-8DEE-4F90-9F1A-798445D909C7}.Release|x86.ActiveCfg = Release|Any CPU
		{37DE64D0-8DEE-4F90-9F1A-798445D909C7}.Release|x86.Build.0 = Release|Any CPU
		{0FCD6CE7-0CBB-45BD-A86B-0488D0E09396}.Debug|Any CPU.ActiveCfg = Debug|Any CPU
		{0FCD6CE7-0CBB-45BD-A86B-0488D0E09396}.Debug|Any CPU.Build.0 = Debug|Any CPU
		{0FCD6CE7-0CBB-45BD-A86B-0488D0E09396}.Debug|x64.ActiveCfg = Debug|Any CPU
		{0FCD6CE7-0CBB-45BD-A86B-0488D0E09396}.Debug|x64.Build.0 = Debug|Any CPU
		{0FCD6CE7-0CBB-45BD-A86B-0488D0E09396}.Debug|x86.ActiveCfg = Debug|Any CPU
		{0FCD6CE7-0CBB-45BD-A86B-0488D0E09396}.Debug|x86.Build.0 = Debug|Any CPU
		{0FCD6CE7-0CBB-45BD-A86B-0488D0E09396}.Release|Any CPU.ActiveCfg = Release|Any CPU
		{0FCD6CE7-0CBB-45BD-A86B-0488D0E09396}.Release|Any CPU.Build.0 = Release|Any CPU
		{0FCD6CE7-0CBB-45BD-A86B-0488D0E09396}.Release|x64.ActiveCfg = Release|Any CPU
		{0FCD6CE7-0CBB-45BD-A86B-0488D0E09396}.Release|x64.Build.0 = Release|Any CPU
		{0FCD6CE7-0CBB-45BD-A86B-0488D0E09396}.Release|x86.ActiveCfg = Release|Any CPU
		{0FCD6CE7-0CBB-45BD-A86B-0488D0E09396}.Release|x86.Build.0 = Release|Any CPU
		{ABCC6C46-BA85-4D2B-9ADC-9C8CE5EF1A6F}.Debug|Any CPU.ActiveCfg = Debug|Any CPU
		{ABCC6C46-BA85-4D2B-9ADC-9C8CE5EF1A6F}.Debug|Any CPU.Build.0 = Debug|Any CPU
		{ABCC6C46-BA85-4D2B-9ADC-9C8CE5EF1A6F}.Debug|x64.ActiveCfg = Debug|Any CPU
		{ABCC6C46-BA85-4D2B-9ADC-9C8CE5EF1A6F}.Debug|x64.Build.0 = Debug|Any CPU
		{ABCC6C46-BA85-4D2B-9ADC-9C8CE5EF1A6F}.Debug|x86.ActiveCfg = Debug|Any CPU
		{ABCC6C46-BA85-4D2B-9ADC-9C8CE5EF1A6F}.Debug|x86.Build.0 = Debug|Any CPU
		{ABCC6C46-BA85-4D2B-9ADC-9C8CE5EF1A6F}.Release|Any CPU.ActiveCfg = Release|Any CPU
		{ABCC6C46-BA85-4D2B-9ADC-9C8CE5EF1A6F}.Release|Any CPU.Build.0 = Release|Any CPU
		{ABCC6C46-BA85-4D2B-9ADC-9C8CE5EF1A6F}.Release|x64.ActiveCfg = Release|Any CPU
		{ABCC6C46-BA85-4D2B-9ADC-9C8CE5EF1A6F}.Release|x64.Build.0 = Release|Any CPU
		{ABCC6C46-BA85-4D2B-9ADC-9C8CE5EF1A6F}.Release|x86.ActiveCfg = Release|Any CPU
		{ABCC6C46-BA85-4D2B-9ADC-9C8CE5EF1A6F}.Release|x86.Build.0 = Release|Any CPU
		{907ED654-99D4-487A-A4A5-04DE310153EC}.Debug|Any CPU.ActiveCfg = Debug|Any CPU
		{907ED654-99D4-487A-A4A5-04DE310153EC}.Debug|Any CPU.Build.0 = Debug|Any CPU
		{907ED654-99D4-487A-A4A5-04DE310153EC}.Debug|x64.ActiveCfg = Debug|Any CPU
		{907ED654-99D4-487A-A4A5-04DE310153EC}.Debug|x64.Build.0 = Debug|Any CPU
		{907ED654-99D4-487A-A4A5-04DE310153EC}.Debug|x86.ActiveCfg = Debug|Any CPU
		{907ED654-99D4-487A-A4A5-04DE310153EC}.Debug|x86.Build.0 = Debug|Any CPU
		{907ED654-99D4-487A-A4A5-04DE310153EC}.Release|Any CPU.ActiveCfg = Release|Any CPU
		{907ED654-99D4-487A-A4A5-04DE310153EC}.Release|Any CPU.Build.0 = Release|Any CPU
		{907ED654-99D4-487A-A4A5-04DE310153EC}.Release|x64.ActiveCfg = Release|Any CPU
		{907ED654-99D4-487A-A4A5-04DE310153EC}.Release|x64.Build.0 = Release|Any CPU
		{907ED654-99D4-487A-A4A5-04DE310153EC}.Release|x86.ActiveCfg = Release|Any CPU
		{907ED654-99D4-487A-A4A5-04DE310153EC}.Release|x86.Build.0 = Release|Any CPU
	EndGlobalSection
	GlobalSection(NestedProjects) = preSolution
		{F33D19C9-9813-445A-BE76-AC87500B8DC0} = {8801956A-FFB6-44DD-8F54-70C4AFB956F9}
		{2A81489C-C751-4008-BAE5-4F46045EDA15} = {8801956A-FFB6-44DD-8F54-70C4AFB956F9}
		{ABCC6C46-BA85-4D2B-9ADC-9C8CE5EF1A6F} = {8801956A-FFB6-44DD-8F54-70C4AFB956F9}
		{907ED654-99D4-487A-A4A5-04DE310153EC} = {8801956A-FFB6-44DD-8F54-70C4AFB956F9}
	EndGlobalSection
EndGlobal
