
Microsoft Visual Studio Solution File, Format Version 12.00
# Visual Studio Version 17
VisualStudioVersion = 17.2.32630.192
MinimumVisualStudioVersion = 10.0.40219.1
Project("{FAE04EC0-301F-11D3-BF4B-00C04F79EFBC}") = "R5T.D0104.A001", "R5T.D0104.A001\R5T.D0104.A001.csproj", "{7984219E-15A0-4481-9C99-A89F645255A4}"
EndProject
Project("{FAE04EC0-301F-11D3-BF4B-00C04F79EFBC}") = "R5T.D0104.I001", "R5T.D0104.I001\R5T.D0104.I001.csproj", "{3CF8E936-D54F-4DC1-BFB4-2257CB902F23}"
EndProject
Project("{FAE04EC0-301F-11D3-BF4B-00C04F79EFBC}") = "R5T.D0104.Base", "R5T.D0104.Base\R5T.D0104.Base.csproj", "{E99D09C1-008E-424D-B75F-12617206E63C}"
EndProject
Project("{2150E333-8FDC-42A3-9474-1A3956D46DE8}") = "_Dependencies", "_Dependencies", "{CDE76120-3B6A-43FF-A4F1-05054472A180}"
EndProject
Project("{FAE04EC0-301F-11D3-BF4B-00C04F79EFBC}") = "R5T.Dacia.Extensions", "..\..\R5T.Dacia.Extensions\source\R5T.Dacia.Extensions\R5T.Dacia.Extensions.csproj", "{B354D696-5FE9-446B-B29B-EE501FC7CC6F}"
EndProject
Project("{FAE04EC0-301F-11D3-BF4B-00C04F79EFBC}") = "R5T.Dacia.T002", "..\..\R5T.Dacia\source\R5T.Dacia.T002\R5T.Dacia.T002.csproj", "{3B96AF39-13EA-4BBA-B8A7-8142FBF22CE6}"
EndProject
Project("{9A19103F-16F7-4668-BE54-9A1E7A4F7556}") = "R5T.D0048.Base", "..\..\R5T.D0048\source\R5T.D0048.Base\R5T.D0048.Base.csproj", "{38BD2228-FF22-4DB1-B39C-B747490284A1}"
EndProject
Project("{9A19103F-16F7-4668-BE54-9A1E7A4F7556}") = "R5T.Dacia", "..\..\R5T.Dacia\source\R5T.Dacia\R5T.Dacia.csproj", "{2D340C74-90C9-4F09-9645-A699CA3D7201}"
EndProject
Project("{9A19103F-16F7-4668-BE54-9A1E7A4F7556}") = "R5T.L0013", "..\..\R5T.L0013\source\R5T.L0013\R5T.L0013.csproj", "{C46196AA-C3DE-40DC-AAAC-DDF43ED79B5A}"
EndProject
Project("{9A19103F-16F7-4668-BE54-9A1E7A4F7556}") = "R5T.Magyar", "..\..\R5T.Magyar\source\R5T.Magyar\R5T.Magyar.csproj", "{53F775BB-8CA0-4A8D-A1A4-FEC35CCEC7C8}"
EndProject
Project("{9A19103F-16F7-4668-BE54-9A1E7A4F7556}") = "R5T.T0034.X009", "..\..\R5T.T0034\source\R5T.T0034.X009\R5T.T0034.X009.csproj", "{D3078E84-BB09-4678-A97C-232FF245C0CD}"
EndProject
Project("{9A19103F-16F7-4668-BE54-9A1E7A4F7556}") = "R5T.T0034", "..\..\R5T.T0034\source\R5T.T0034\R5T.T0034.csproj", "{6B36A8B7-250D-40FF-8DB3-1757174D4112}"
EndProject
Project("{9A19103F-16F7-4668-BE54-9A1E7A4F7556}") = "R5T.T0035.X003", "..\..\R5T.T0035\source\R5T.T0035.X003\R5T.T0035.X003.csproj", "{7E77DA6E-C31B-44B2-8BA8-0079C9B6ADB0}"
EndProject
Project("{9A19103F-16F7-4668-BE54-9A1E7A4F7556}") = "R5T.T0035", "..\..\R5T.T0035\source\R5T.T0035\R5T.T0035.csproj", "{64C79CFD-FEFE-4414-89D8-54091066B5F7}"
EndProject
Project("{9A19103F-16F7-4668-BE54-9A1E7A4F7556}") = "R5T.T0039.T002", "..\..\R5T.T0039\source\R5T.T0039.T002\R5T.T0039.T002.csproj", "{3C56FCD1-08FC-4AF0-91FC-ED0F87BEB097}"
EndProject
Project("{9A19103F-16F7-4668-BE54-9A1E7A4F7556}") = "R5T.T0061.X0002", "..\..\R5T.T0061.X0002\source\R5T.T0061.X0002\R5T.T0061.X0002.csproj", "{CEA63D13-0EA8-4D1B-876D-05F87C333612}"
EndProject
Project("{9A19103F-16F7-4668-BE54-9A1E7A4F7556}") = "R5T.T0061", "..\..\R5T.T0061\source\R5T.T0061\R5T.T0061.csproj", "{2B978DFC-C5B3-4FE9-8FC6-992DC703E529}"
EndProject
Project("{9A19103F-16F7-4668-BE54-9A1E7A4F7556}") = "R5T.T0062.X001", "..\..\R5T.T0062\source\R5T.T0062.X001\R5T.T0062.X001.csproj", "{D4A57BB3-02DF-4F29-B7F5-B2F5164A6BA5}"
EndProject
Project("{9A19103F-16F7-4668-BE54-9A1E7A4F7556}") = "R5T.T0062", "..\..\R5T.T0062\source\R5T.T0062\R5T.T0062.csproj", "{430A07D6-6D5C-4ECB-820B-6AD898E31D72}"
EndProject
Project("{9A19103F-16F7-4668-BE54-9A1E7A4F7556}") = "R5T.T0063", "..\..\R5T.T0063\source\R5T.T0063\R5T.T0063.csproj", "{A6FCF734-F6FF-4D67-9002-4D7E2D853D41}"
EndProject
Project("{9A19103F-16F7-4668-BE54-9A1E7A4F7556}") = "R5T.T0064.T001", "..\..\R5T.T0064\source\R5T.T0064.T001\R5T.T0064.T001.csproj", "{01E37B8F-629F-446B-A7B1-57BD1899C187}"
EndProject
Project("{9A19103F-16F7-4668-BE54-9A1E7A4F7556}") = "R5T.T0064", "..\..\R5T.T0064\source\R5T.T0064\R5T.T0064.csproj", "{FD34704E-4668-432A-AF06-37BEB10ABB53}"
EndProject
Project("{9A19103F-16F7-4668-BE54-9A1E7A4F7556}") = "R5T.T0143", "..\..\R5T.T0143\source\R5T.T0143\R5T.T0143.csproj", "{F06A9163-3614-4C90-B1DF-47899D19871F}"
EndProject
Global
	GlobalSection(NestedProjects) = preSolution
		{B354D696-5FE9-446B-B29B-EE501FC7CC6F} = {CDE76120-3B6A-43FF-A4F1-05054472A180}
		{3B96AF39-13EA-4BBA-B8A7-8142FBF22CE6} = {CDE76120-3B6A-43FF-A4F1-05054472A180}
		{38BD2228-FF22-4DB1-B39C-B747490284A1} = {CDE76120-3B6A-43FF-A4F1-05054472A180}
		{2D340C74-90C9-4F09-9645-A699CA3D7201} = {CDE76120-3B6A-43FF-A4F1-05054472A180}
		{C46196AA-C3DE-40DC-AAAC-DDF43ED79B5A} = {CDE76120-3B6A-43FF-A4F1-05054472A180}
		{53F775BB-8CA0-4A8D-A1A4-FEC35CCEC7C8} = {CDE76120-3B6A-43FF-A4F1-05054472A180}
		{D3078E84-BB09-4678-A97C-232FF245C0CD} = {CDE76120-3B6A-43FF-A4F1-05054472A180}
		{6B36A8B7-250D-40FF-8DB3-1757174D4112} = {CDE76120-3B6A-43FF-A4F1-05054472A180}
		{7E77DA6E-C31B-44B2-8BA8-0079C9B6ADB0} = {CDE76120-3B6A-43FF-A4F1-05054472A180}
		{64C79CFD-FEFE-4414-89D8-54091066B5F7} = {CDE76120-3B6A-43FF-A4F1-05054472A180}
		{3C56FCD1-08FC-4AF0-91FC-ED0F87BEB097} = {CDE76120-3B6A-43FF-A4F1-05054472A180}
		{CEA63D13-0EA8-4D1B-876D-05F87C333612} = {CDE76120-3B6A-43FF-A4F1-05054472A180}
		{2B978DFC-C5B3-4FE9-8FC6-992DC703E529} = {CDE76120-3B6A-43FF-A4F1-05054472A180}
		{D4A57BB3-02DF-4F29-B7F5-B2F5164A6BA5} = {CDE76120-3B6A-43FF-A4F1-05054472A180}
		{430A07D6-6D5C-4ECB-820B-6AD898E31D72} = {CDE76120-3B6A-43FF-A4F1-05054472A180}
		{A6FCF734-F6FF-4D67-9002-4D7E2D853D41} = {CDE76120-3B6A-43FF-A4F1-05054472A180}
		{01E37B8F-629F-446B-A7B1-57BD1899C187} = {CDE76120-3B6A-43FF-A4F1-05054472A180}
		{FD34704E-4668-432A-AF06-37BEB10ABB53} = {CDE76120-3B6A-43FF-A4F1-05054472A180}
		{F06A9163-3614-4C90-B1DF-47899D19871F} = {CDE76120-3B6A-43FF-A4F1-05054472A180}
	EndGlobalSection
	GlobalSection(SolutionConfigurationPlatforms) = preSolution
		Debug|Any CPU = Debug|Any CPU
		Debug|x64 = Debug|x64
		Debug|x86 = Debug|x86
		Release|Any CPU = Release|Any CPU
		Release|x64 = Release|x64
		Release|x86 = Release|x86
	EndGlobalSection
	GlobalSection(ProjectConfigurationPlatforms) = postSolution
		{7984219E-15A0-4481-9C99-A89F645255A4}.Debug|Any CPU.ActiveCfg = Debug|Any CPU
		{7984219E-15A0-4481-9C99-A89F645255A4}.Debug|Any CPU.Build.0 = Debug|Any CPU
		{7984219E-15A0-4481-9C99-A89F645255A4}.Debug|x64.ActiveCfg = Debug|Any CPU
		{7984219E-15A0-4481-9C99-A89F645255A4}.Debug|x64.Build.0 = Debug|Any CPU
		{7984219E-15A0-4481-9C99-A89F645255A4}.Debug|x86.ActiveCfg = Debug|Any CPU
		{7984219E-15A0-4481-9C99-A89F645255A4}.Debug|x86.Build.0 = Debug|Any CPU
		{7984219E-15A0-4481-9C99-A89F645255A4}.Release|Any CPU.ActiveCfg = Release|Any CPU
		{7984219E-15A0-4481-9C99-A89F645255A4}.Release|Any CPU.Build.0 = Release|Any CPU
		{7984219E-15A0-4481-9C99-A89F645255A4}.Release|x64.ActiveCfg = Release|Any CPU
		{7984219E-15A0-4481-9C99-A89F645255A4}.Release|x64.Build.0 = Release|Any CPU
		{7984219E-15A0-4481-9C99-A89F645255A4}.Release|x86.ActiveCfg = Release|Any CPU
		{7984219E-15A0-4481-9C99-A89F645255A4}.Release|x86.Build.0 = Release|Any CPU
		{3CF8E936-D54F-4DC1-BFB4-2257CB902F23}.Debug|Any CPU.ActiveCfg = Debug|Any CPU
		{3CF8E936-D54F-4DC1-BFB4-2257CB902F23}.Debug|Any CPU.Build.0 = Debug|Any CPU
		{3CF8E936-D54F-4DC1-BFB4-2257CB902F23}.Debug|x64.ActiveCfg = Debug|Any CPU
		{3CF8E936-D54F-4DC1-BFB4-2257CB902F23}.Debug|x64.Build.0 = Debug|Any CPU
		{3CF8E936-D54F-4DC1-BFB4-2257CB902F23}.Debug|x86.ActiveCfg = Debug|Any CPU
		{3CF8E936-D54F-4DC1-BFB4-2257CB902F23}.Debug|x86.Build.0 = Debug|Any CPU
		{3CF8E936-D54F-4DC1-BFB4-2257CB902F23}.Release|Any CPU.ActiveCfg = Release|Any CPU
		{3CF8E936-D54F-4DC1-BFB4-2257CB902F23}.Release|Any CPU.Build.0 = Release|Any CPU
		{3CF8E936-D54F-4DC1-BFB4-2257CB902F23}.Release|x64.ActiveCfg = Release|Any CPU
		{3CF8E936-D54F-4DC1-BFB4-2257CB902F23}.Release|x64.Build.0 = Release|Any CPU
		{3CF8E936-D54F-4DC1-BFB4-2257CB902F23}.Release|x86.ActiveCfg = Release|Any CPU
		{3CF8E936-D54F-4DC1-BFB4-2257CB902F23}.Release|x86.Build.0 = Release|Any CPU
		{E99D09C1-008E-424D-B75F-12617206E63C}.Debug|Any CPU.ActiveCfg = Debug|Any CPU
		{E99D09C1-008E-424D-B75F-12617206E63C}.Debug|Any CPU.Build.0 = Debug|Any CPU
		{E99D09C1-008E-424D-B75F-12617206E63C}.Debug|x64.ActiveCfg = Debug|Any CPU
		{E99D09C1-008E-424D-B75F-12617206E63C}.Debug|x64.Build.0 = Debug|Any CPU
		{E99D09C1-008E-424D-B75F-12617206E63C}.Debug|x86.ActiveCfg = Debug|Any CPU
		{E99D09C1-008E-424D-B75F-12617206E63C}.Debug|x86.Build.0 = Debug|Any CPU
		{E99D09C1-008E-424D-B75F-12617206E63C}.Release|Any CPU.ActiveCfg = Release|Any CPU
		{E99D09C1-008E-424D-B75F-12617206E63C}.Release|Any CPU.Build.0 = Release|Any CPU
		{E99D09C1-008E-424D-B75F-12617206E63C}.Release|x64.ActiveCfg = Release|Any CPU
		{E99D09C1-008E-424D-B75F-12617206E63C}.Release|x64.Build.0 = Release|Any CPU
		{E99D09C1-008E-424D-B75F-12617206E63C}.Release|x86.ActiveCfg = Release|Any CPU
		{E99D09C1-008E-424D-B75F-12617206E63C}.Release|x86.Build.0 = Release|Any CPU
		{B354D696-5FE9-446B-B29B-EE501FC7CC6F}.Debug|Any CPU.ActiveCfg = Debug|Any CPU
		{B354D696-5FE9-446B-B29B-EE501FC7CC6F}.Debug|Any CPU.Build.0 = Debug|Any CPU
		{B354D696-5FE9-446B-B29B-EE501FC7CC6F}.Debug|x64.ActiveCfg = Debug|Any CPU
		{B354D696-5FE9-446B-B29B-EE501FC7CC6F}.Debug|x64.Build.0 = Debug|Any CPU
		{B354D696-5FE9-446B-B29B-EE501FC7CC6F}.Debug|x86.ActiveCfg = Debug|Any CPU
		{B354D696-5FE9-446B-B29B-EE501FC7CC6F}.Debug|x86.Build.0 = Debug|Any CPU
		{B354D696-5FE9-446B-B29B-EE501FC7CC6F}.Release|Any CPU.ActiveCfg = Release|Any CPU
		{B354D696-5FE9-446B-B29B-EE501FC7CC6F}.Release|Any CPU.Build.0 = Release|Any CPU
		{B354D696-5FE9-446B-B29B-EE501FC7CC6F}.Release|x64.ActiveCfg = Release|Any CPU
		{B354D696-5FE9-446B-B29B-EE501FC7CC6F}.Release|x64.Build.0 = Release|Any CPU
		{B354D696-5FE9-446B-B29B-EE501FC7CC6F}.Release|x86.ActiveCfg = Release|Any CPU
		{B354D696-5FE9-446B-B29B-EE501FC7CC6F}.Release|x86.Build.0 = Release|Any CPU
		{3B96AF39-13EA-4BBA-B8A7-8142FBF22CE6}.Debug|Any CPU.ActiveCfg = Debug|Any CPU
		{3B96AF39-13EA-4BBA-B8A7-8142FBF22CE6}.Debug|Any CPU.Build.0 = Debug|Any CPU
		{3B96AF39-13EA-4BBA-B8A7-8142FBF22CE6}.Debug|x64.ActiveCfg = Debug|Any CPU
		{3B96AF39-13EA-4BBA-B8A7-8142FBF22CE6}.Debug|x64.Build.0 = Debug|Any CPU
		{3B96AF39-13EA-4BBA-B8A7-8142FBF22CE6}.Debug|x86.ActiveCfg = Debug|Any CPU
		{3B96AF39-13EA-4BBA-B8A7-8142FBF22CE6}.Debug|x86.Build.0 = Debug|Any CPU
		{3B96AF39-13EA-4BBA-B8A7-8142FBF22CE6}.Release|Any CPU.ActiveCfg = Release|Any CPU
		{3B96AF39-13EA-4BBA-B8A7-8142FBF22CE6}.Release|Any CPU.Build.0 = Release|Any CPU
		{3B96AF39-13EA-4BBA-B8A7-8142FBF22CE6}.Release|x64.ActiveCfg = Release|Any CPU
		{3B96AF39-13EA-4BBA-B8A7-8142FBF22CE6}.Release|x64.Build.0 = Release|Any CPU
		{3B96AF39-13EA-4BBA-B8A7-8142FBF22CE6}.Release|x86.ActiveCfg = Release|Any CPU
		{3B96AF39-13EA-4BBA-B8A7-8142FBF22CE6}.Release|x86.Build.0 = Release|Any CPU
		{38BD2228-FF22-4DB1-B39C-B747490284A1}.Debug|Any CPU.ActiveCfg = Debug|Any CPU
		{38BD2228-FF22-4DB1-B39C-B747490284A1}.Debug|Any CPU.Build.0 = Debug|Any CPU
		{38BD2228-FF22-4DB1-B39C-B747490284A1}.Debug|x64.ActiveCfg = Debug|Any CPU
		{38BD2228-FF22-4DB1-B39C-B747490284A1}.Debug|x64.Build.0 = Debug|Any CPU
		{38BD2228-FF22-4DB1-B39C-B747490284A1}.Debug|x86.ActiveCfg = Debug|Any CPU
		{38BD2228-FF22-4DB1-B39C-B747490284A1}.Debug|x86.Build.0 = Debug|Any CPU
		{38BD2228-FF22-4DB1-B39C-B747490284A1}.Release|Any CPU.ActiveCfg = Release|Any CPU
		{38BD2228-FF22-4DB1-B39C-B747490284A1}.Release|Any CPU.Build.0 = Release|Any CPU
		{38BD2228-FF22-4DB1-B39C-B747490284A1}.Release|x64.ActiveCfg = Release|Any CPU
		{38BD2228-FF22-4DB1-B39C-B747490284A1}.Release|x64.Build.0 = Release|Any CPU
		{38BD2228-FF22-4DB1-B39C-B747490284A1}.Release|x86.ActiveCfg = Release|Any CPU
		{38BD2228-FF22-4DB1-B39C-B747490284A1}.Release|x86.Build.0 = Release|Any CPU
		{2D340C74-90C9-4F09-9645-A699CA3D7201}.Debug|Any CPU.ActiveCfg = Debug|Any CPU
		{2D340C74-90C9-4F09-9645-A699CA3D7201}.Debug|Any CPU.Build.0 = Debug|Any CPU
		{2D340C74-90C9-4F09-9645-A699CA3D7201}.Debug|x64.ActiveCfg = Debug|Any CPU
		{2D340C74-90C9-4F09-9645-A699CA3D7201}.Debug|x64.Build.0 = Debug|Any CPU
		{2D340C74-90C9-4F09-9645-A699CA3D7201}.Debug|x86.ActiveCfg = Debug|Any CPU
		{2D340C74-90C9-4F09-9645-A699CA3D7201}.Debug|x86.Build.0 = Debug|Any CPU
		{2D340C74-90C9-4F09-9645-A699CA3D7201}.Release|Any CPU.ActiveCfg = Release|Any CPU
		{2D340C74-90C9-4F09-9645-A699CA3D7201}.Release|Any CPU.Build.0 = Release|Any CPU
		{2D340C74-90C9-4F09-9645-A699CA3D7201}.Release|x64.ActiveCfg = Release|Any CPU
		{2D340C74-90C9-4F09-9645-A699CA3D7201}.Release|x64.Build.0 = Release|Any CPU
		{2D340C74-90C9-4F09-9645-A699CA3D7201}.Release|x86.ActiveCfg = Release|Any CPU
		{2D340C74-90C9-4F09-9645-A699CA3D7201}.Release|x86.Build.0 = Release|Any CPU
		{C46196AA-C3DE-40DC-AAAC-DDF43ED79B5A}.Debug|Any CPU.ActiveCfg = Debug|Any CPU
		{C46196AA-C3DE-40DC-AAAC-DDF43ED79B5A}.Debug|Any CPU.Build.0 = Debug|Any CPU
		{C46196AA-C3DE-40DC-AAAC-DDF43ED79B5A}.Debug|x64.ActiveCfg = Debug|Any CPU
		{C46196AA-C3DE-40DC-AAAC-DDF43ED79B5A}.Debug|x64.Build.0 = Debug|Any CPU
		{C46196AA-C3DE-40DC-AAAC-DDF43ED79B5A}.Debug|x86.ActiveCfg = Debug|Any CPU
		{C46196AA-C3DE-40DC-AAAC-DDF43ED79B5A}.Debug|x86.Build.0 = Debug|Any CPU
		{C46196AA-C3DE-40DC-AAAC-DDF43ED79B5A}.Release|Any CPU.ActiveCfg = Release|Any CPU
		{C46196AA-C3DE-40DC-AAAC-DDF43ED79B5A}.Release|Any CPU.Build.0 = Release|Any CPU
		{C46196AA-C3DE-40DC-AAAC-DDF43ED79B5A}.Release|x64.ActiveCfg = Release|Any CPU
		{C46196AA-C3DE-40DC-AAAC-DDF43ED79B5A}.Release|x64.Build.0 = Release|Any CPU
		{C46196AA-C3DE-40DC-AAAC-DDF43ED79B5A}.Release|x86.ActiveCfg = Release|Any CPU
		{C46196AA-C3DE-40DC-AAAC-DDF43ED79B5A}.Release|x86.Build.0 = Release|Any CPU
		{53F775BB-8CA0-4A8D-A1A4-FEC35CCEC7C8}.Debug|Any CPU.ActiveCfg = Debug|Any CPU
		{53F775BB-8CA0-4A8D-A1A4-FEC35CCEC7C8}.Debug|Any CPU.Build.0 = Debug|Any CPU
		{53F775BB-8CA0-4A8D-A1A4-FEC35CCEC7C8}.Debug|x64.ActiveCfg = Debug|Any CPU
		{53F775BB-8CA0-4A8D-A1A4-FEC35CCEC7C8}.Debug|x64.Build.0 = Debug|Any CPU
		{53F775BB-8CA0-4A8D-A1A4-FEC35CCEC7C8}.Debug|x86.ActiveCfg = Debug|Any CPU
		{53F775BB-8CA0-4A8D-A1A4-FEC35CCEC7C8}.Debug|x86.Build.0 = Debug|Any CPU
		{53F775BB-8CA0-4A8D-A1A4-FEC35CCEC7C8}.Release|Any CPU.ActiveCfg = Release|Any CPU
		{53F775BB-8CA0-4A8D-A1A4-FEC35CCEC7C8}.Release|Any CPU.Build.0 = Release|Any CPU
		{53F775BB-8CA0-4A8D-A1A4-FEC35CCEC7C8}.Release|x64.ActiveCfg = Release|Any CPU
		{53F775BB-8CA0-4A8D-A1A4-FEC35CCEC7C8}.Release|x64.Build.0 = Release|Any CPU
		{53F775BB-8CA0-4A8D-A1A4-FEC35CCEC7C8}.Release|x86.ActiveCfg = Release|Any CPU
		{53F775BB-8CA0-4A8D-A1A4-FEC35CCEC7C8}.Release|x86.Build.0 = Release|Any CPU
		{D3078E84-BB09-4678-A97C-232FF245C0CD}.Debug|Any CPU.ActiveCfg = Debug|Any CPU
		{D3078E84-BB09-4678-A97C-232FF245C0CD}.Debug|Any CPU.Build.0 = Debug|Any CPU
		{D3078E84-BB09-4678-A97C-232FF245C0CD}.Debug|x64.ActiveCfg = Debug|Any CPU
		{D3078E84-BB09-4678-A97C-232FF245C0CD}.Debug|x64.Build.0 = Debug|Any CPU
		{D3078E84-BB09-4678-A97C-232FF245C0CD}.Debug|x86.ActiveCfg = Debug|Any CPU
		{D3078E84-BB09-4678-A97C-232FF245C0CD}.Debug|x86.Build.0 = Debug|Any CPU
		{D3078E84-BB09-4678-A97C-232FF245C0CD}.Release|Any CPU.ActiveCfg = Release|Any CPU
		{D3078E84-BB09-4678-A97C-232FF245C0CD}.Release|Any CPU.Build.0 = Release|Any CPU
		{D3078E84-BB09-4678-A97C-232FF245C0CD}.Release|x64.ActiveCfg = Release|Any CPU
		{D3078E84-BB09-4678-A97C-232FF245C0CD}.Release|x64.Build.0 = Release|Any CPU
		{D3078E84-BB09-4678-A97C-232FF245C0CD}.Release|x86.ActiveCfg = Release|Any CPU
		{D3078E84-BB09-4678-A97C-232FF245C0CD}.Release|x86.Build.0 = Release|Any CPU
		{6B36A8B7-250D-40FF-8DB3-1757174D4112}.Debug|Any CPU.ActiveCfg = Debug|Any CPU
		{6B36A8B7-250D-40FF-8DB3-1757174D4112}.Debug|Any CPU.Build.0 = Debug|Any CPU
		{6B36A8B7-250D-40FF-8DB3-1757174D4112}.Debug|x64.ActiveCfg = Debug|Any CPU
		{6B36A8B7-250D-40FF-8DB3-1757174D4112}.Debug|x64.Build.0 = Debug|Any CPU
		{6B36A8B7-250D-40FF-8DB3-1757174D4112}.Debug|x86.ActiveCfg = Debug|Any CPU
		{6B36A8B7-250D-40FF-8DB3-1757174D4112}.Debug|x86.Build.0 = Debug|Any CPU
		{6B36A8B7-250D-40FF-8DB3-1757174D4112}.Release|Any CPU.ActiveCfg = Release|Any CPU
		{6B36A8B7-250D-40FF-8DB3-1757174D4112}.Release|Any CPU.Build.0 = Release|Any CPU
		{6B36A8B7-250D-40FF-8DB3-1757174D4112}.Release|x64.ActiveCfg = Release|Any CPU
		{6B36A8B7-250D-40FF-8DB3-1757174D4112}.Release|x64.Build.0 = Release|Any CPU
		{6B36A8B7-250D-40FF-8DB3-1757174D4112}.Release|x86.ActiveCfg = Release|Any CPU
		{6B36A8B7-250D-40FF-8DB3-1757174D4112}.Release|x86.Build.0 = Release|Any CPU
		{7E77DA6E-C31B-44B2-8BA8-0079C9B6ADB0}.Debug|Any CPU.ActiveCfg = Debug|Any CPU
		{7E77DA6E-C31B-44B2-8BA8-0079C9B6ADB0}.Debug|Any CPU.Build.0 = Debug|Any CPU
		{7E77DA6E-C31B-44B2-8BA8-0079C9B6ADB0}.Debug|x64.ActiveCfg = Debug|Any CPU
		{7E77DA6E-C31B-44B2-8BA8-0079C9B6ADB0}.Debug|x64.Build.0 = Debug|Any CPU
		{7E77DA6E-C31B-44B2-8BA8-0079C9B6ADB0}.Debug|x86.ActiveCfg = Debug|Any CPU
		{7E77DA6E-C31B-44B2-8BA8-0079C9B6ADB0}.Debug|x86.Build.0 = Debug|Any CPU
		{7E77DA6E-C31B-44B2-8BA8-0079C9B6ADB0}.Release|Any CPU.ActiveCfg = Release|Any CPU
		{7E77DA6E-C31B-44B2-8BA8-0079C9B6ADB0}.Release|Any CPU.Build.0 = Release|Any CPU
		{7E77DA6E-C31B-44B2-8BA8-0079C9B6ADB0}.Release|x64.ActiveCfg = Release|Any CPU
		{7E77DA6E-C31B-44B2-8BA8-0079C9B6ADB0}.Release|x64.Build.0 = Release|Any CPU
		{7E77DA6E-C31B-44B2-8BA8-0079C9B6ADB0}.Release|x86.ActiveCfg = Release|Any CPU
		{7E77DA6E-C31B-44B2-8BA8-0079C9B6ADB0}.Release|x86.Build.0 = Release|Any CPU
		{64C79CFD-FEFE-4414-89D8-54091066B5F7}.Debug|Any CPU.ActiveCfg = Debug|Any CPU
		{64C79CFD-FEFE-4414-89D8-54091066B5F7}.Debug|Any CPU.Build.0 = Debug|Any CPU
		{64C79CFD-FEFE-4414-89D8-54091066B5F7}.Debug|x64.ActiveCfg = Debug|Any CPU
		{64C79CFD-FEFE-4414-89D8-54091066B5F7}.Debug|x64.Build.0 = Debug|Any CPU
		{64C79CFD-FEFE-4414-89D8-54091066B5F7}.Debug|x86.ActiveCfg = Debug|Any CPU
		{64C79CFD-FEFE-4414-89D8-54091066B5F7}.Debug|x86.Build.0 = Debug|Any CPU
		{64C79CFD-FEFE-4414-89D8-54091066B5F7}.Release|Any CPU.ActiveCfg = Release|Any CPU
		{64C79CFD-FEFE-4414-89D8-54091066B5F7}.Release|Any CPU.Build.0 = Release|Any CPU
		{64C79CFD-FEFE-4414-89D8-54091066B5F7}.Release|x64.ActiveCfg = Release|Any CPU
		{64C79CFD-FEFE-4414-89D8-54091066B5F7}.Release|x64.Build.0 = Release|Any CPU
		{64C79CFD-FEFE-4414-89D8-54091066B5F7}.Release|x86.ActiveCfg = Release|Any CPU
		{64C79CFD-FEFE-4414-89D8-54091066B5F7}.Release|x86.Build.0 = Release|Any CPU
		{3C56FCD1-08FC-4AF0-91FC-ED0F87BEB097}.Debug|Any CPU.ActiveCfg = Debug|Any CPU
		{3C56FCD1-08FC-4AF0-91FC-ED0F87BEB097}.Debug|Any CPU.Build.0 = Debug|Any CPU
		{3C56FCD1-08FC-4AF0-91FC-ED0F87BEB097}.Debug|x64.ActiveCfg = Debug|Any CPU
		{3C56FCD1-08FC-4AF0-91FC-ED0F87BEB097}.Debug|x64.Build.0 = Debug|Any CPU
		{3C56FCD1-08FC-4AF0-91FC-ED0F87BEB097}.Debug|x86.ActiveCfg = Debug|Any CPU
		{3C56FCD1-08FC-4AF0-91FC-ED0F87BEB097}.Debug|x86.Build.0 = Debug|Any CPU
		{3C56FCD1-08FC-4AF0-91FC-ED0F87BEB097}.Release|Any CPU.ActiveCfg = Release|Any CPU
		{3C56FCD1-08FC-4AF0-91FC-ED0F87BEB097}.Release|Any CPU.Build.0 = Release|Any CPU
		{3C56FCD1-08FC-4AF0-91FC-ED0F87BEB097}.Release|x64.ActiveCfg = Release|Any CPU
		{3C56FCD1-08FC-4AF0-91FC-ED0F87BEB097}.Release|x64.Build.0 = Release|Any CPU
		{3C56FCD1-08FC-4AF0-91FC-ED0F87BEB097}.Release|x86.ActiveCfg = Release|Any CPU
		{3C56FCD1-08FC-4AF0-91FC-ED0F87BEB097}.Release|x86.Build.0 = Release|Any CPU
		{CEA63D13-0EA8-4D1B-876D-05F87C333612}.Debug|Any CPU.ActiveCfg = Debug|Any CPU
		{CEA63D13-0EA8-4D1B-876D-05F87C333612}.Debug|Any CPU.Build.0 = Debug|Any CPU
		{CEA63D13-0EA8-4D1B-876D-05F87C333612}.Debug|x64.ActiveCfg = Debug|Any CPU
		{CEA63D13-0EA8-4D1B-876D-05F87C333612}.Debug|x64.Build.0 = Debug|Any CPU
		{CEA63D13-0EA8-4D1B-876D-05F87C333612}.Debug|x86.ActiveCfg = Debug|Any CPU
		{CEA63D13-0EA8-4D1B-876D-05F87C333612}.Debug|x86.Build.0 = Debug|Any CPU
		{CEA63D13-0EA8-4D1B-876D-05F87C333612}.Release|Any CPU.ActiveCfg = Release|Any CPU
		{CEA63D13-0EA8-4D1B-876D-05F87C333612}.Release|Any CPU.Build.0 = Release|Any CPU
		{CEA63D13-0EA8-4D1B-876D-05F87C333612}.Release|x64.ActiveCfg = Release|Any CPU
		{CEA63D13-0EA8-4D1B-876D-05F87C333612}.Release|x64.Build.0 = Release|Any CPU
		{CEA63D13-0EA8-4D1B-876D-05F87C333612}.Release|x86.ActiveCfg = Release|Any CPU
		{CEA63D13-0EA8-4D1B-876D-05F87C333612}.Release|x86.Build.0 = Release|Any CPU
		{2B978DFC-C5B3-4FE9-8FC6-992DC703E529}.Debug|Any CPU.ActiveCfg = Debug|Any CPU
		{2B978DFC-C5B3-4FE9-8FC6-992DC703E529}.Debug|Any CPU.Build.0 = Debug|Any CPU
		{2B978DFC-C5B3-4FE9-8FC6-992DC703E529}.Debug|x64.ActiveCfg = Debug|Any CPU
		{2B978DFC-C5B3-4FE9-8FC6-992DC703E529}.Debug|x64.Build.0 = Debug|Any CPU
		{2B978DFC-C5B3-4FE9-8FC6-992DC703E529}.Debug|x86.ActiveCfg = Debug|Any CPU
		{2B978DFC-C5B3-4FE9-8FC6-992DC703E529}.Debug|x86.Build.0 = Debug|Any CPU
		{2B978DFC-C5B3-4FE9-8FC6-992DC703E529}.Release|Any CPU.ActiveCfg = Release|Any CPU
		{2B978DFC-C5B3-4FE9-8FC6-992DC703E529}.Release|Any CPU.Build.0 = Release|Any CPU
		{2B978DFC-C5B3-4FE9-8FC6-992DC703E529}.Release|x64.ActiveCfg = Release|Any CPU
		{2B978DFC-C5B3-4FE9-8FC6-992DC703E529}.Release|x64.Build.0 = Release|Any CPU
		{2B978DFC-C5B3-4FE9-8FC6-992DC703E529}.Release|x86.ActiveCfg = Release|Any CPU
		{2B978DFC-C5B3-4FE9-8FC6-992DC703E529}.Release|x86.Build.0 = Release|Any CPU
		{D4A57BB3-02DF-4F29-B7F5-B2F5164A6BA5}.Debug|Any CPU.ActiveCfg = Debug|Any CPU
		{D4A57BB3-02DF-4F29-B7F5-B2F5164A6BA5}.Debug|Any CPU.Build.0 = Debug|Any CPU
		{D4A57BB3-02DF-4F29-B7F5-B2F5164A6BA5}.Debug|x64.ActiveCfg = Debug|Any CPU
		{D4A57BB3-02DF-4F29-B7F5-B2F5164A6BA5}.Debug|x64.Build.0 = Debug|Any CPU
		{D4A57BB3-02DF-4F29-B7F5-B2F5164A6BA5}.Debug|x86.ActiveCfg = Debug|Any CPU
		{D4A57BB3-02DF-4F29-B7F5-B2F5164A6BA5}.Debug|x86.Build.0 = Debug|Any CPU
		{D4A57BB3-02DF-4F29-B7F5-B2F5164A6BA5}.Release|Any CPU.ActiveCfg = Release|Any CPU
		{D4A57BB3-02DF-4F29-B7F5-B2F5164A6BA5}.Release|Any CPU.Build.0 = Release|Any CPU
		{D4A57BB3-02DF-4F29-B7F5-B2F5164A6BA5}.Release|x64.ActiveCfg = Release|Any CPU
		{D4A57BB3-02DF-4F29-B7F5-B2F5164A6BA5}.Release|x64.Build.0 = Release|Any CPU
		{D4A57BB3-02DF-4F29-B7F5-B2F5164A6BA5}.Release|x86.ActiveCfg = Release|Any CPU
		{D4A57BB3-02DF-4F29-B7F5-B2F5164A6BA5}.Release|x86.Build.0 = Release|Any CPU
		{430A07D6-6D5C-4ECB-820B-6AD898E31D72}.Debug|Any CPU.ActiveCfg = Debug|Any CPU
		{430A07D6-6D5C-4ECB-820B-6AD898E31D72}.Debug|Any CPU.Build.0 = Debug|Any CPU
		{430A07D6-6D5C-4ECB-820B-6AD898E31D72}.Debug|x64.ActiveCfg = Debug|Any CPU
		{430A07D6-6D5C-4ECB-820B-6AD898E31D72}.Debug|x64.Build.0 = Debug|Any CPU
		{430A07D6-6D5C-4ECB-820B-6AD898E31D72}.Debug|x86.ActiveCfg = Debug|Any CPU
		{430A07D6-6D5C-4ECB-820B-6AD898E31D72}.Debug|x86.Build.0 = Debug|Any CPU
		{430A07D6-6D5C-4ECB-820B-6AD898E31D72}.Release|Any CPU.ActiveCfg = Release|Any CPU
		{430A07D6-6D5C-4ECB-820B-6AD898E31D72}.Release|Any CPU.Build.0 = Release|Any CPU
		{430A07D6-6D5C-4ECB-820B-6AD898E31D72}.Release|x64.ActiveCfg = Release|Any CPU
		{430A07D6-6D5C-4ECB-820B-6AD898E31D72}.Release|x64.Build.0 = Release|Any CPU
		{430A07D6-6D5C-4ECB-820B-6AD898E31D72}.Release|x86.ActiveCfg = Release|Any CPU
		{430A07D6-6D5C-4ECB-820B-6AD898E31D72}.Release|x86.Build.0 = Release|Any CPU
		{A6FCF734-F6FF-4D67-9002-4D7E2D853D41}.Debug|Any CPU.ActiveCfg = Debug|Any CPU
		{A6FCF734-F6FF-4D67-9002-4D7E2D853D41}.Debug|Any CPU.Build.0 = Debug|Any CPU
		{A6FCF734-F6FF-4D67-9002-4D7E2D853D41}.Debug|x64.ActiveCfg = Debug|Any CPU
		{A6FCF734-F6FF-4D67-9002-4D7E2D853D41}.Debug|x64.Build.0 = Debug|Any CPU
		{A6FCF734-F6FF-4D67-9002-4D7E2D853D41}.Debug|x86.ActiveCfg = Debug|Any CPU
		{A6FCF734-F6FF-4D67-9002-4D7E2D853D41}.Debug|x86.Build.0 = Debug|Any CPU
		{A6FCF734-F6FF-4D67-9002-4D7E2D853D41}.Release|Any CPU.ActiveCfg = Release|Any CPU
		{A6FCF734-F6FF-4D67-9002-4D7E2D853D41}.Release|Any CPU.Build.0 = Release|Any CPU
		{A6FCF734-F6FF-4D67-9002-4D7E2D853D41}.Release|x64.ActiveCfg = Release|Any CPU
		{A6FCF734-F6FF-4D67-9002-4D7E2D853D41}.Release|x64.Build.0 = Release|Any CPU
		{A6FCF734-F6FF-4D67-9002-4D7E2D853D41}.Release|x86.ActiveCfg = Release|Any CPU
		{A6FCF734-F6FF-4D67-9002-4D7E2D853D41}.Release|x86.Build.0 = Release|Any CPU
		{01E37B8F-629F-446B-A7B1-57BD1899C187}.Debug|Any CPU.ActiveCfg = Debug|Any CPU
		{01E37B8F-629F-446B-A7B1-57BD1899C187}.Debug|Any CPU.Build.0 = Debug|Any CPU
		{01E37B8F-629F-446B-A7B1-57BD1899C187}.Debug|x64.ActiveCfg = Debug|Any CPU
		{01E37B8F-629F-446B-A7B1-57BD1899C187}.Debug|x64.Build.0 = Debug|Any CPU
		{01E37B8F-629F-446B-A7B1-57BD1899C187}.Debug|x86.ActiveCfg = Debug|Any CPU
		{01E37B8F-629F-446B-A7B1-57BD1899C187}.Debug|x86.Build.0 = Debug|Any CPU
		{01E37B8F-629F-446B-A7B1-57BD1899C187}.Release|Any CPU.ActiveCfg = Release|Any CPU
		{01E37B8F-629F-446B-A7B1-57BD1899C187}.Release|Any CPU.Build.0 = Release|Any CPU
		{01E37B8F-629F-446B-A7B1-57BD1899C187}.Release|x64.ActiveCfg = Release|Any CPU
		{01E37B8F-629F-446B-A7B1-57BD1899C187}.Release|x64.Build.0 = Release|Any CPU
		{01E37B8F-629F-446B-A7B1-57BD1899C187}.Release|x86.ActiveCfg = Release|Any CPU
		{01E37B8F-629F-446B-A7B1-57BD1899C187}.Release|x86.Build.0 = Release|Any CPU
		{FD34704E-4668-432A-AF06-37BEB10ABB53}.Debug|Any CPU.ActiveCfg = Debug|Any CPU
		{FD34704E-4668-432A-AF06-37BEB10ABB53}.Debug|Any CPU.Build.0 = Debug|Any CPU
		{FD34704E-4668-432A-AF06-37BEB10ABB53}.Debug|x64.ActiveCfg = Debug|Any CPU
		{FD34704E-4668-432A-AF06-37BEB10ABB53}.Debug|x64.Build.0 = Debug|Any CPU
		{FD34704E-4668-432A-AF06-37BEB10ABB53}.Debug|x86.ActiveCfg = Debug|Any CPU
		{FD34704E-4668-432A-AF06-37BEB10ABB53}.Debug|x86.Build.0 = Debug|Any CPU
		{FD34704E-4668-432A-AF06-37BEB10ABB53}.Release|Any CPU.ActiveCfg = Release|Any CPU
		{FD34704E-4668-432A-AF06-37BEB10ABB53}.Release|Any CPU.Build.0 = Release|Any CPU
		{FD34704E-4668-432A-AF06-37BEB10ABB53}.Release|x64.ActiveCfg = Release|Any CPU
		{FD34704E-4668-432A-AF06-37BEB10ABB53}.Release|x64.Build.0 = Release|Any CPU
		{FD34704E-4668-432A-AF06-37BEB10ABB53}.Release|x86.ActiveCfg = Release|Any CPU
		{FD34704E-4668-432A-AF06-37BEB10ABB53}.Release|x86.Build.0 = Release|Any CPU
		{F06A9163-3614-4C90-B1DF-47899D19871F}.Debug|Any CPU.ActiveCfg = Debug|Any CPU
		{F06A9163-3614-4C90-B1DF-47899D19871F}.Debug|Any CPU.Build.0 = Debug|Any CPU
		{F06A9163-3614-4C90-B1DF-47899D19871F}.Debug|x64.ActiveCfg = Debug|Any CPU
		{F06A9163-3614-4C90-B1DF-47899D19871F}.Debug|x64.Build.0 = Debug|Any CPU
		{F06A9163-3614-4C90-B1DF-47899D19871F}.Debug|x86.ActiveCfg = Debug|Any CPU
		{F06A9163-3614-4C90-B1DF-47899D19871F}.Debug|x86.Build.0 = Debug|Any CPU
		{F06A9163-3614-4C90-B1DF-47899D19871F}.Release|Any CPU.ActiveCfg = Release|Any CPU
		{F06A9163-3614-4C90-B1DF-47899D19871F}.Release|Any CPU.Build.0 = Release|Any CPU
		{F06A9163-3614-4C90-B1DF-47899D19871F}.Release|x64.ActiveCfg = Release|Any CPU
		{F06A9163-3614-4C90-B1DF-47899D19871F}.Release|x64.Build.0 = Release|Any CPU
		{F06A9163-3614-4C90-B1DF-47899D19871F}.Release|x86.ActiveCfg = Release|Any CPU
		{F06A9163-3614-4C90-B1DF-47899D19871F}.Release|x86.Build.0 = Release|Any CPU
	EndGlobalSection
	GlobalSection(SolutionProperties) = preSolution
		HideSolutionNode = FALSE
	EndGlobalSection
EndGlobal
