
Microsoft Visual Studio Solution File, Format Version 12.00
# Visual Studio Version 16
VisualStudioVersion = 16.0.30114.105
MinimumVisualStudioVersion = 10.0.40219.1
Project("{FAE04EC0-301F-11D3-BF4B-00C04F79EFBC}") = "R5T.D0104.A001", "R5T.D0104.A001\R5T.D0104.A001.csproj", "{3155ADD7-5FF8-4040-B262-4E4397D6A89C}"
EndProject
Project("{FAE04EC0-301F-11D3-BF4B-00C04F79EFBC}") = "R5T.D0104.Base", "R5T.D0104.Base\R5T.D0104.Base.csproj", "{75BA3EB6-70EA-4A26-A651-F89E16CCA858}"
EndProject
Project("{FAE04EC0-301F-11D3-BF4B-00C04F79EFBC}") = "R5T.D0104.Construction", "R5T.D0104.Construction\R5T.D0104.Construction.csproj", "{82113E78-5A58-4F12-9A4F-FBC1ED427352}"
EndProject
Project("{FAE04EC0-301F-11D3-BF4B-00C04F79EFBC}") = "R5T.D0104.I001", "R5T.D0104.I001\R5T.D0104.I001.csproj", "{129FB260-2EBE-411F-ACB7-EF5F8C99889D}"
EndProject
Project("{FAE04EC0-301F-11D3-BF4B-00C04F79EFBC}") = "R5T.D0104.X001", "R5T.D0104.X001\R5T.D0104.X001.csproj", "{C7604F61-3831-4036-9BE6-EB8D9890F279}"
EndProject
Global
	GlobalSection(SolutionConfigurationPlatforms) = preSolution
		Debug|Any CPU = Debug|Any CPU
		Debug|x64 = Debug|x64
		Debug|x86 = Debug|x86
		Release|Any CPU = Release|Any CPU
		Release|x64 = Release|x64
		Release|x86 = Release|x86
	EndGlobalSection
	GlobalSection(SolutionProperties) = preSolution
		HideSolutionNode = FALSE
	EndGlobalSection
	GlobalSection(ProjectConfigurationPlatforms) = postSolution
		{3155ADD7-5FF8-4040-B262-4E4397D6A89C}.Debug|Any CPU.ActiveCfg = Debug|Any CPU
		{3155ADD7-5FF8-4040-B262-4E4397D6A89C}.Debug|Any CPU.Build.0 = Debug|Any CPU
		{3155ADD7-5FF8-4040-B262-4E4397D6A89C}.Debug|x64.ActiveCfg = Debug|Any CPU
		{3155ADD7-5FF8-4040-B262-4E4397D6A89C}.Debug|x64.Build.0 = Debug|Any CPU
		{3155ADD7-5FF8-4040-B262-4E4397D6A89C}.Debug|x86.ActiveCfg = Debug|Any CPU
		{3155ADD7-5FF8-4040-B262-4E4397D6A89C}.Debug|x86.Build.0 = Debug|Any CPU
		{3155ADD7-5FF8-4040-B262-4E4397D6A89C}.Release|Any CPU.ActiveCfg = Release|Any CPU
		{3155ADD7-5FF8-4040-B262-4E4397D6A89C}.Release|Any CPU.Build.0 = Release|Any CPU
		{3155ADD7-5FF8-4040-B262-4E4397D6A89C}.Release|x64.ActiveCfg = Release|Any CPU
		{3155ADD7-5FF8-4040-B262-4E4397D6A89C}.Release|x64.Build.0 = Release|Any CPU
		{3155ADD7-5FF8-4040-B262-4E4397D6A89C}.Release|x86.ActiveCfg = Release|Any CPU
		{3155ADD7-5FF8-4040-B262-4E4397D6A89C}.Release|x86.Build.0 = Release|Any CPU
		{75BA3EB6-70EA-4A26-A651-F89E16CCA858}.Debug|Any CPU.ActiveCfg = Debug|Any CPU
		{75BA3EB6-70EA-4A26-A651-F89E16CCA858}.Debug|Any CPU.Build.0 = Debug|Any CPU
		{75BA3EB6-70EA-4A26-A651-F89E16CCA858}.Debug|x64.ActiveCfg = Debug|Any CPU
		{75BA3EB6-70EA-4A26-A651-F89E16CCA858}.Debug|x64.Build.0 = Debug|Any CPU
		{75BA3EB6-70EA-4A26-A651-F89E16CCA858}.Debug|x86.ActiveCfg = Debug|Any CPU
		{75BA3EB6-70EA-4A26-A651-F89E16CCA858}.Debug|x86.Build.0 = Debug|Any CPU
		{75BA3EB6-70EA-4A26-A651-F89E16CCA858}.Release|Any CPU.ActiveCfg = Release|Any CPU
		{75BA3EB6-70EA-4A26-A651-F89E16CCA858}.Release|Any CPU.Build.0 = Release|Any CPU
		{75BA3EB6-70EA-4A26-A651-F89E16CCA858}.Release|x64.ActiveCfg = Release|Any CPU
		{75BA3EB6-70EA-4A26-A651-F89E16CCA858}.Release|x64.Build.0 = Release|Any CPU
		{75BA3EB6-70EA-4A26-A651-F89E16CCA858}.Release|x86.ActiveCfg = Release|Any CPU
		{75BA3EB6-70EA-4A26-A651-F89E16CCA858}.Release|x86.Build.0 = Release|Any CPU
		{82113E78-5A58-4F12-9A4F-FBC1ED427352}.Debug|Any CPU.ActiveCfg = Debug|Any CPU
		{82113E78-5A58-4F12-9A4F-FBC1ED427352}.Debug|Any CPU.Build.0 = Debug|Any CPU
		{82113E78-5A58-4F12-9A4F-FBC1ED427352}.Debug|x64.ActiveCfg = Debug|Any CPU
		{82113E78-5A58-4F12-9A4F-FBC1ED427352}.Debug|x64.Build.0 = Debug|Any CPU
		{82113E78-5A58-4F12-9A4F-FBC1ED427352}.Debug|x86.ActiveCfg = Debug|Any CPU
		{82113E78-5A58-4F12-9A4F-FBC1ED427352}.Debug|x86.Build.0 = Debug|Any CPU
		{82113E78-5A58-4F12-9A4F-FBC1ED427352}.Release|Any CPU.ActiveCfg = Release|Any CPU
		{82113E78-5A58-4F12-9A4F-FBC1ED427352}.Release|Any CPU.Build.0 = Release|Any CPU
		{82113E78-5A58-4F12-9A4F-FBC1ED427352}.Release|x64.ActiveCfg = Release|Any CPU
		{82113E78-5A58-4F12-9A4F-FBC1ED427352}.Release|x64.Build.0 = Release|Any CPU
		{82113E78-5A58-4F12-9A4F-FBC1ED427352}.Release|x86.ActiveCfg = Release|Any CPU
		{82113E78-5A58-4F12-9A4F-FBC1ED427352}.Release|x86.Build.0 = Release|Any CPU
		{129FB260-2EBE-411F-ACB7-EF5F8C99889D}.Debug|Any CPU.ActiveCfg = Debug|Any CPU
		{129FB260-2EBE-411F-ACB7-EF5F8C99889D}.Debug|Any CPU.Build.0 = Debug|Any CPU
		{129FB260-2EBE-411F-ACB7-EF5F8C99889D}.Debug|x64.ActiveCfg = Debug|Any CPU
		{129FB260-2EBE-411F-ACB7-EF5F8C99889D}.Debug|x64.Build.0 = Debug|Any CPU
		{129FB260-2EBE-411F-ACB7-EF5F8C99889D}.Debug|x86.ActiveCfg = Debug|Any CPU
		{129FB260-2EBE-411F-ACB7-EF5F8C99889D}.Debug|x86.Build.0 = Debug|Any CPU
		{129FB260-2EBE-411F-ACB7-EF5F8C99889D}.Release|Any CPU.ActiveCfg = Release|Any CPU
		{129FB260-2EBE-411F-ACB7-EF5F8C99889D}.Release|Any CPU.Build.0 = Release|Any CPU
		{129FB260-2EBE-411F-ACB7-EF5F8C99889D}.Release|x64.ActiveCfg = Release|Any CPU
		{129FB260-2EBE-411F-ACB7-EF5F8C99889D}.Release|x64.Build.0 = Release|Any CPU
		{129FB260-2EBE-411F-ACB7-EF5F8C99889D}.Release|x86.ActiveCfg = Release|Any CPU
		{129FB260-2EBE-411F-ACB7-EF5F8C99889D}.Release|x86.Build.0 = Release|Any CPU
		{C7604F61-3831-4036-9BE6-EB8D9890F279}.Debug|Any CPU.ActiveCfg = Debug|Any CPU
		{C7604F61-3831-4036-9BE6-EB8D9890F279}.Debug|Any CPU.Build.0 = Debug|Any CPU
		{C7604F61-3831-4036-9BE6-EB8D9890F279}.Debug|x64.ActiveCfg = Debug|Any CPU
		{C7604F61-3831-4036-9BE6-EB8D9890F279}.Debug|x64.Build.0 = Debug|Any CPU
		{C7604F61-3831-4036-9BE6-EB8D9890F279}.Debug|x86.ActiveCfg = Debug|Any CPU
		{C7604F61-3831-4036-9BE6-EB8D9890F279}.Debug|x86.Build.0 = Debug|Any CPU
		{C7604F61-3831-4036-9BE6-EB8D9890F279}.Release|Any CPU.ActiveCfg = Release|Any CPU
		{C7604F61-3831-4036-9BE6-EB8D9890F279}.Release|Any CPU.Build.0 = Release|Any CPU
		{C7604F61-3831-4036-9BE6-EB8D9890F279}.Release|x64.ActiveCfg = Release|Any CPU
		{C7604F61-3831-4036-9BE6-EB8D9890F279}.Release|x64.Build.0 = Release|Any CPU
		{C7604F61-3831-4036-9BE6-EB8D9890F279}.Release|x86.ActiveCfg = Release|Any CPU
		{C7604F61-3831-4036-9BE6-EB8D9890F279}.Release|x86.Build.0 = Release|Any CPU
	EndGlobalSection
EndGlobal
