
Microsoft Visual Studio Solution File, Format Version 12.00
# Visual Studio Version 16
VisualStudioVersion = 16.6.30114.105
MinimumVisualStudioVersion = 10.0.40219.1
Project("{FAE04EC0-301F-11D3-BF4B-00C04F79EFBC}") = "R5T.D0104.A001", "R5T.D0104.A001\R5T.D0104.A001.csproj", "{7984219E-15A0-4481-9C99-A89F645255A4}"
EndProject
Project("{FAE04EC0-301F-11D3-BF4B-00C04F79EFBC}") = "R5T.D0104.I001", "R5T.D0104.I001\R5T.D0104.I001.csproj", "{3CF8E936-D54F-4DC1-BFB4-2257CB902F23}"
EndProject
Project("{FAE04EC0-301F-11D3-BF4B-00C04F79EFBC}") = "R5T.D0104.Base", "R5T.D0104.Base\R5T.D0104.Base.csproj", "{E99D09C1-008E-424D-B75F-12617206E63C}"
EndProject
Project("{2150E333-8FDC-42A3-9474-1A3956D46DE8}") = "_Dependencies", "_Dependencies", "{CDE76120-3B6A-43FF-A4F1-05054472A180}"
EndProject
Project("{FAE04EC0-301F-11D3-BF4B-00C04F79EFBC}") = "R5T.Dacia.Extensions", "..\..\R5T.Dacia.Extensions\source\R5T.Dacia.Extensions\R5T.Dacia.Extensions.csproj", "{B354D696-5FE9-446B-B29B-EE501FC7CC6F}"
EndProject
Project("{FAE04EC0-301F-11D3-BF4B-00C04F79EFBC}") = "R5T.Dacia.T002", "..\..\R5T.Dacia\source\R5T.Dacia.T002\R5T.Dacia.T002.csproj", "{3B96AF39-13EA-4BBA-B8A7-8142FBF22CE6}"
EndProject
Global
	GlobalSection(SolutionConfigurationPlatforms) = preSolution
		Debug|Any CPU = Debug|Any CPU
		Debug|x64 = Debug|x64
		Debug|x86 = Debug|x86
		Release|Any CPU = Release|Any CPU
		Release|x64 = Release|x64
		Release|x86 = Release|x86
	EndGlobalSection
	GlobalSection(SolutionProperties) = preSolution
		HideSolutionNode = FALSE
	EndGlobalSection
	GlobalSection(ProjectConfigurationPlatforms) = postSolution
		{7984219E-15A0-4481-9C99-A89F645255A4}.Debug|Any CPU.ActiveCfg = Debug|Any CPU
		{7984219E-15A0-4481-9C99-A89F645255A4}.Debug|Any CPU.Build.0 = Debug|Any CPU
		{7984219E-15A0-4481-9C99-A89F645255A4}.Debug|x64.ActiveCfg = Debug|Any CPU
		{7984219E-15A0-4481-9C99-A89F645255A4}.Debug|x64.Build.0 = Debug|Any CPU
		{7984219E-15A0-4481-9C99-A89F645255A4}.Debug|x86.ActiveCfg = Debug|Any CPU
		{7984219E-15A0-4481-9C99-A89F645255A4}.Debug|x86.Build.0 = Debug|Any CPU
		{7984219E-15A0-4481-9C99-A89F645255A4}.Release|Any CPU.ActiveCfg = Release|Any CPU
		{7984219E-15A0-4481-9C99-A89F645255A4}.Release|Any CPU.Build.0 = Release|Any CPU
		{7984219E-15A0-4481-9C99-A89F645255A4}.Release|x64.ActiveCfg = Release|Any CPU
		{7984219E-15A0-4481-9C99-A89F645255A4}.Release|x64.Build.0 = Release|Any CPU
		{7984219E-15A0-4481-9C99-A89F645255A4}.Release|x86.ActiveCfg = Release|Any CPU
		{7984219E-15A0-4481-9C99-A89F645255A4}.Release|x86.Build.0 = Release|Any CPU
		{3CF8E936-D54F-4DC1-BFB4-2257CB902F23}.Debug|Any CPU.ActiveCfg = Debug|Any CPU
		{3CF8E936-D54F-4DC1-BFB4-2257CB902F23}.Debug|Any CPU.Build.0 = Debug|Any CPU
		{3CF8E936-D54F-4DC1-BFB4-2257CB902F23}.Debug|x64.ActiveCfg = Debug|Any CPU
		{3CF8E936-D54F-4DC1-BFB4-2257CB902F23}.Debug|x64.Build.0 = Debug|Any CPU
		{3CF8E936-D54F-4DC1-BFB4-2257CB902F23}.Debug|x86.ActiveCfg = Debug|Any CPU
		{3CF8E936-D54F-4DC1-BFB4-2257CB902F23}.Debug|x86.Build.0 = Debug|Any CPU
		{3CF8E936-D54F-4DC1-BFB4-2257CB902F23}.Release|Any CPU.ActiveCfg = Release|Any CPU
		{3CF8E936-D54F-4DC1-BFB4-2257CB902F23}.Release|Any CPU.Build.0 = Release|Any CPU
		{3CF8E936-D54F-4DC1-BFB4-2257CB902F23}.Release|x64.ActiveCfg = Release|Any CPU
		{3CF8E936-D54F-4DC1-BFB4-2257CB902F23}.Release|x64.Build.0 = Release|Any CPU
		{3CF8E936-D54F-4DC1-BFB4-2257CB902F23}.Release|x86.ActiveCfg = Release|Any CPU
		{3CF8E936-D54F-4DC1-BFB4-2257CB902F23}.Release|x86.Build.0 = Release|Any CPU
		{E99D09C1-008E-424D-B75F-12617206E63C}.Debug|Any CPU.ActiveCfg = Debug|Any CPU
		{E99D09C1-008E-424D-B75F-12617206E63C}.Debug|Any CPU.Build.0 = Debug|Any CPU
		{E99D09C1-008E-424D-B75F-12617206E63C}.Debug|x64.ActiveCfg = Debug|Any CPU
		{E99D09C1-008E-424D-B75F-12617206E63C}.Debug|x64.Build.0 = Debug|Any CPU
		{E99D09C1-008E-424D-B75F-12617206E63C}.Debug|x86.ActiveCfg = Debug|Any CPU
		{E99D09C1-008E-424D-B75F-12617206E63C}.Debug|x86.Build.0 = Debug|Any CPU
		{E99D09C1-008E-424D-B75F-12617206E63C}.Release|Any CPU.ActiveCfg = Release|Any CPU
		{E99D09C1-008E-424D-B75F-12617206E63C}.Release|Any CPU.Build.0 = Release|Any CPU
		{E99D09C1-008E-424D-B75F-12617206E63C}.Release|x64.ActiveCfg = Release|Any CPU
		{E99D09C1-008E-424D-B75F-12617206E63C}.Release|x64.Build.0 = Release|Any CPU
		{E99D09C1-008E-424D-B75F-12617206E63C}.Release|x86.ActiveCfg = Release|Any CPU
		{E99D09C1-008E-424D-B75F-12617206E63C}.Release|x86.Build.0 = Release|Any CPU
		{B354D696-5FE9-446B-B29B-EE501FC7CC6F}.Debug|Any CPU.ActiveCfg = Debug|Any CPU
		{B354D696-5FE9-446B-B29B-EE501FC7CC6F}.Debug|Any CPU.Build.0 = Debug|Any CPU
		{B354D696-5FE9-446B-B29B-EE501FC7CC6F}.Debug|x64.ActiveCfg = Debug|Any CPU
		{B354D696-5FE9-446B-B29B-EE501FC7CC6F}.Debug|x64.Build.0 = Debug|Any CPU
		{B354D696-5FE9-446B-B29B-EE501FC7CC6F}.Debug|x86.ActiveCfg = Debug|Any CPU
		{B354D696-5FE9-446B-B29B-EE501FC7CC6F}.Debug|x86.Build.0 = Debug|Any CPU
		{B354D696-5FE9-446B-B29B-EE501FC7CC6F}.Release|Any CPU.ActiveCfg = Release|Any CPU
		{B354D696-5FE9-446B-B29B-EE501FC7CC6F}.Release|Any CPU.Build.0 = Release|Any CPU
		{B354D696-5FE9-446B-B29B-EE501FC7CC6F}.Release|x64.ActiveCfg = Release|Any CPU
		{B354D696-5FE9-446B-B29B-EE501FC7CC6F}.Release|x64.Build.0 = Release|Any CPU
		{B354D696-5FE9-446B-B29B-EE501FC7CC6F}.Release|x86.ActiveCfg = Release|Any CPU
		{B354D696-5FE9-446B-B29B-EE501FC7CC6F}.Release|x86.Build.0 = Release|Any CPU
		{3B96AF39-13EA-4BBA-B8A7-8142FBF22CE6}.Debug|Any CPU.ActiveCfg = Debug|Any CPU
		{3B96AF39-13EA-4BBA-B8A7-8142FBF22CE6}.Debug|Any CPU.Build.0 = Debug|Any CPU
		{3B96AF39-13EA-4BBA-B8A7-8142FBF22CE6}.Debug|x64.ActiveCfg = Debug|Any CPU
		{3B96AF39-13EA-4BBA-B8A7-8142FBF22CE6}.Debug|x64.Build.0 = Debug|Any CPU
		{3B96AF39-13EA-4BBA-B8A7-8142FBF22CE6}.Debug|x86.ActiveCfg = Debug|Any CPU
		{3B96AF39-13EA-4BBA-B8A7-8142FBF22CE6}.Debug|x86.Build.0 = Debug|Any CPU
		{3B96AF39-13EA-4BBA-B8A7-8142FBF22CE6}.Release|Any CPU.ActiveCfg = Release|Any CPU
		{3B96AF39-13EA-4BBA-B8A7-8142FBF22CE6}.Release|Any CPU.Build.0 = Release|Any CPU
		{3B96AF39-13EA-4BBA-B8A7-8142FBF22CE6}.Release|x64.ActiveCfg = Release|Any CPU
		{3B96AF39-13EA-4BBA-B8A7-8142FBF22CE6}.Release|x64.Build.0 = Release|Any CPU
		{3B96AF39-13EA-4BBA-B8A7-8142FBF22CE6}.Release|x86.ActiveCfg = Release|Any CPU
		{3B96AF39-13EA-4BBA-B8A7-8142FBF22CE6}.Release|x86.Build.0 = Release|Any CPU
	EndGlobalSection
	GlobalSection(NestedProjects) = preSolution
		{B354D696-5FE9-446B-B29B-EE501FC7CC6F} = {CDE76120-3B6A-43FF-A4F1-05054472A180}
		{3B96AF39-13EA-4BBA-B8A7-8142FBF22CE6} = {CDE76120-3B6A-43FF-A4F1-05054472A180}
	EndGlobalSection
EndGlobal
