
Microsoft Visual Studio Solution File, Format Version 12.00
# Visual Studio Version 16
VisualStudioVersion = 16.6.30114.105
MinimumVisualStudioVersion = 10.0.40219.1
Project("{9A19103F-16F7-4668-BE54-9A1E7A4F7556}") = "R5T.D0104.Base", "R5T.D0104.Base\R5T.D0104.Base.csproj", "{413AC944-B1EA-4503-B394-AE80402B7461}"
EndProject
Project("{2150E333-8FDC-42A3-9474-1A3956D46DE8}") = "_Dependencies", "_Dependencies", "{F8307FEE-DD20-42F1-8CC5-9A9494A0862A}"
EndProject
Project("{9A19103F-16F7-4668-BE54-9A1E7A4F7556}") = "R5T.D0104.I001", "R5T.D0104.I001\R5T.D0104.I001.csproj", "{19932B50-9DA3-4D72-9AFB-C6304A3F026C}"
EndProject
Project("{9A19103F-16F7-4668-BE54-9A1E7A4F7556}") = "R5T.T0064", "..\..\R5T.T0064\source\R5T.T0064\R5T.T0064.csproj", "{8FBB0576-E102-481B-ABA6-A7310090F114}"
EndProject
Project("{9A19103F-16F7-4668-BE54-9A1E7A4F7556}") = "R5T.T0062.X001", "..\..\R5T.T0062\source\R5T.T0062.X001\R5T.T0062.X001.csproj", "{73491B36-2BF1-4B56-95DA-DBB29450D5B0}"
EndProject
Project("{9A19103F-16F7-4668-BE54-9A1E7A4F7556}") = "R5T.T0061.X0002", "..\..\R5T.T0061.X0002\source\R5T.T0061.X0002\R5T.T0061.X0002.csproj", "{10D4717E-E978-4975-9412-CE9B6D1DA66E}"
EndProject
Project("{9A19103F-16F7-4668-BE54-9A1E7A4F7556}") = "R5T.D0048.Base", "..\..\R5T.D0048\source\R5T.D0048.Base\R5T.D0048.Base.csproj", "{3EB87D0B-F3EA-47B1-B196-0578E3E951FE}"
EndProject
Project("{9A19103F-16F7-4668-BE54-9A1E7A4F7556}") = "R5T.D0104.X001", "R5T.D0104.X001\R5T.D0104.X001.csproj", "{A0033699-F952-456E-B51D-E5F9AE47E300}"
EndProject
Project("{9A19103F-16F7-4668-BE54-9A1E7A4F7556}") = "R5T.L0014", "..\..\R5T.L0014\source\R5T.L0014\R5T.L0014.csproj", "{6F0AEF1E-145C-4907-BCFB-CDBED55BD763}"
EndProject
Project("{9A19103F-16F7-4668-BE54-9A1E7A4F7556}") = "R5T.L0013", "..\..\R5T.L0013\source\R5T.L0013\R5T.L0013.csproj", "{8C9122AB-DADA-4962-8BF4-70A096773279}"
EndProject
Project("{9A19103F-16F7-4668-BE54-9A1E7A4F7556}") = "R5T.Magyar", "..\..\R5T.Magyar\source\R5T.Magyar\R5T.Magyar.csproj", "{4AD95D83-1B5D-44C5-8106-122417D7D912}"
EndProject
Project("{9A19103F-16F7-4668-BE54-9A1E7A4F7556}") = "R5T.T0034.X009", "..\..\R5T.T0034\source\R5T.T0034.X009\R5T.T0034.X009.csproj", "{2EBA524D-BB2F-415F-BD8F-A057CCF6F76C}"
EndProject
Project("{9A19103F-16F7-4668-BE54-9A1E7A4F7556}") = "R5T.T0035.X003", "..\..\R5T.T0035\source\R5T.T0035.X003\R5T.T0035.X003.csproj", "{A3474B68-5282-4755-874F-7B8FA03B6D7B}"
EndProject
Project("{9A19103F-16F7-4668-BE54-9A1E7A4F7556}") = "R5T.T0035", "..\..\R5T.T0035\source\R5T.T0035\R5T.T0035.csproj", "{545BDA80-F4D2-4983-94A3-8292298A6FF8}"
EndProject
Project("{9A19103F-16F7-4668-BE54-9A1E7A4F7556}") = "R5T.T0039.T002", "..\..\R5T.T0039\source\R5T.T0039.T002\R5T.T0039.T002.csproj", "{9C3E2D16-A9E7-47A3-B180-69DD6D2F80F5}"
EndProject
Project("{9A19103F-16F7-4668-BE54-9A1E7A4F7556}") = "R5T.T0034", "..\..\R5T.T0034\source\R5T.T0034\R5T.T0034.csproj", "{067DE4AB-24C1-4BBD-A2C8-CCF0F5A86DE1}"
EndProject
Project("{9A19103F-16F7-4668-BE54-9A1E7A4F7556}") = "R5T.T0061", "..\..\R5T.T0061\source\R5T.T0061\R5T.T0061.csproj", "{B9F67836-F8EC-4CAD-9147-08C8563A6DD5}"
EndProject
Project("{9A19103F-16F7-4668-BE54-9A1E7A4F7556}") = "R5T.T0063", "..\..\R5T.T0063\source\R5T.T0063\R5T.T0063.csproj", "{044B68BD-8246-4BBF-A060-46D1C91C29CA}"
EndProject
Project("{9A19103F-16F7-4668-BE54-9A1E7A4F7556}") = "R5T.T0062", "..\..\R5T.T0062\source\R5T.T0062\R5T.T0062.csproj", "{421D789F-C2A2-4496-A1ED-82F6BFF33DE7}"
EndProject
Global
	GlobalSection(SolutionConfigurationPlatforms) = preSolution
		Debug|Any CPU = Debug|Any CPU
		Debug|x64 = Debug|x64
		Debug|x86 = Debug|x86
		Release|Any CPU = Release|Any CPU
		Release|x64 = Release|x64
		Release|x86 = Release|x86
	EndGlobalSection
	GlobalSection(ProjectConfigurationPlatforms) = postSolution
		{413AC944-B1EA-4503-B394-AE80402B7461}.Debug|Any CPU.ActiveCfg = Debug|Any CPU
		{413AC944-B1EA-4503-B394-AE80402B7461}.Debug|Any CPU.Build.0 = Debug|Any CPU
		{413AC944-B1EA-4503-B394-AE80402B7461}.Debug|x64.ActiveCfg = Debug|Any CPU
		{413AC944-B1EA-4503-B394-AE80402B7461}.Debug|x64.Build.0 = Debug|Any CPU
		{413AC944-B1EA-4503-B394-AE80402B7461}.Debug|x86.ActiveCfg = Debug|Any CPU
		{413AC944-B1EA-4503-B394-AE80402B7461}.Debug|x86.Build.0 = Debug|Any CPU
		{413AC944-B1EA-4503-B394-AE80402B7461}.Release|Any CPU.ActiveCfg = Release|Any CPU
		{413AC944-B1EA-4503-B394-AE80402B7461}.Release|Any CPU.Build.0 = Release|Any CPU
		{413AC944-B1EA-4503-B394-AE80402B7461}.Release|x64.ActiveCfg = Release|Any CPU
		{413AC944-B1EA-4503-B394-AE80402B7461}.Release|x64.Build.0 = Release|Any CPU
		{413AC944-B1EA-4503-B394-AE80402B7461}.Release|x86.ActiveCfg = Release|Any CPU
		{413AC944-B1EA-4503-B394-AE80402B7461}.Release|x86.Build.0 = Release|Any CPU
		{19932B50-9DA3-4D72-9AFB-C6304A3F026C}.Debug|Any CPU.ActiveCfg = Debug|Any CPU
		{19932B50-9DA3-4D72-9AFB-C6304A3F026C}.Debug|Any CPU.Build.0 = Debug|Any CPU
		{19932B50-9DA3-4D72-9AFB-C6304A3F026C}.Debug|x64.ActiveCfg = Debug|Any CPU
		{19932B50-9DA3-4D72-9AFB-C6304A3F026C}.Debug|x64.Build.0 = Debug|Any CPU
		{19932B50-9DA3-4D72-9AFB-C6304A3F026C}.Debug|x86.ActiveCfg = Debug|Any CPU
		{19932B50-9DA3-4D72-9AFB-C6304A3F026C}.Debug|x86.Build.0 = Debug|Any CPU
		{19932B50-9DA3-4D72-9AFB-C6304A3F026C}.Release|Any CPU.ActiveCfg = Release|Any CPU
		{19932B50-9DA3-4D72-9AFB-C6304A3F026C}.Release|Any CPU.Build.0 = Release|Any CPU
		{19932B50-9DA3-4D72-9AFB-C6304A3F026C}.Release|x64.ActiveCfg = Release|Any CPU
		{19932B50-9DA3-4D72-9AFB-C6304A3F026C}.Release|x64.Build.0 = Release|Any CPU
		{19932B50-9DA3-4D72-9AFB-C6304A3F026C}.Release|x86.ActiveCfg = Release|Any CPU
		{19932B50-9DA3-4D72-9AFB-C6304A3F026C}.Release|x86.Build.0 = Release|Any CPU
		{8FBB0576-E102-481B-ABA6-A7310090F114}.Debug|Any CPU.ActiveCfg = Debug|Any CPU
		{8FBB0576-E102-481B-ABA6-A7310090F114}.Debug|Any CPU.Build.0 = Debug|Any CPU
		{8FBB0576-E102-481B-ABA6-A7310090F114}.Debug|x64.ActiveCfg = Debug|Any CPU
		{8FBB0576-E102-481B-ABA6-A7310090F114}.Debug|x64.Build.0 = Debug|Any CPU
		{8FBB0576-E102-481B-ABA6-A7310090F114}.Debug|x86.ActiveCfg = Debug|Any CPU
		{8FBB0576-E102-481B-ABA6-A7310090F114}.Debug|x86.Build.0 = Debug|Any CPU
		{8FBB0576-E102-481B-ABA6-A7310090F114}.Release|Any CPU.ActiveCfg = Release|Any CPU
		{8FBB0576-E102-481B-ABA6-A7310090F114}.Release|Any CPU.Build.0 = Release|Any CPU
		{8FBB0576-E102-481B-ABA6-A7310090F114}.Release|x64.ActiveCfg = Release|Any CPU
		{8FBB0576-E102-481B-ABA6-A7310090F114}.Release|x64.Build.0 = Release|Any CPU
		{8FBB0576-E102-481B-ABA6-A7310090F114}.Release|x86.ActiveCfg = Release|Any CPU
		{8FBB0576-E102-481B-ABA6-A7310090F114}.Release|x86.Build.0 = Release|Any CPU
		{73491B36-2BF1-4B56-95DA-DBB29450D5B0}.Debug|Any CPU.ActiveCfg = Debug|Any CPU
		{73491B36-2BF1-4B56-95DA-DBB29450D5B0}.Debug|Any CPU.Build.0 = Debug|Any CPU
		{73491B36-2BF1-4B56-95DA-DBB29450D5B0}.Debug|x64.ActiveCfg = Debug|Any CPU
		{73491B36-2BF1-4B56-95DA-DBB29450D5B0}.Debug|x64.Build.0 = Debug|Any CPU
		{73491B36-2BF1-4B56-95DA-DBB29450D5B0}.Debug|x86.ActiveCfg = Debug|Any CPU
		{73491B36-2BF1-4B56-95DA-DBB29450D5B0}.Debug|x86.Build.0 = Debug|Any CPU
		{73491B36-2BF1-4B56-95DA-DBB29450D5B0}.Release|Any CPU.ActiveCfg = Release|Any CPU
		{73491B36-2BF1-4B56-95DA-DBB29450D5B0}.Release|Any CPU.Build.0 = Release|Any CPU
		{73491B36-2BF1-4B56-95DA-DBB29450D5B0}.Release|x64.ActiveCfg = Release|Any CPU
		{73491B36-2BF1-4B56-95DA-DBB29450D5B0}.Release|x64.Build.0 = Release|Any CPU
		{73491B36-2BF1-4B56-95DA-DBB29450D5B0}.Release|x86.ActiveCfg = Release|Any CPU
		{73491B36-2BF1-4B56-95DA-DBB29450D5B0}.Release|x86.Build.0 = Release|Any CPU
		{10D4717E-E978-4975-9412-CE9B6D1DA66E}.Debug|Any CPU.ActiveCfg = Debug|Any CPU
		{10D4717E-E978-4975-9412-CE9B6D1DA66E}.Debug|Any CPU.Build.0 = Debug|Any CPU
		{10D4717E-E978-4975-9412-CE9B6D1DA66E}.Debug|x64.ActiveCfg = Debug|Any CPU
		{10D4717E-E978-4975-9412-CE9B6D1DA66E}.Debug|x64.Build.0 = Debug|Any CPU
		{10D4717E-E978-4975-9412-CE9B6D1DA66E}.Debug|x86.ActiveCfg = Debug|Any CPU
		{10D4717E-E978-4975-9412-CE9B6D1DA66E}.Debug|x86.Build.0 = Debug|Any CPU
		{10D4717E-E978-4975-9412-CE9B6D1DA66E}.Release|Any CPU.ActiveCfg = Release|Any CPU
		{10D4717E-E978-4975-9412-CE9B6D1DA66E}.Release|Any CPU.Build.0 = Release|Any CPU
		{10D4717E-E978-4975-9412-CE9B6D1DA66E}.Release|x64.ActiveCfg = Release|Any CPU
		{10D4717E-E978-4975-9412-CE9B6D1DA66E}.Release|x64.Build.0 = Release|Any CPU
		{10D4717E-E978-4975-9412-CE9B6D1DA66E}.Release|x86.ActiveCfg = Release|Any CPU
		{10D4717E-E978-4975-9412-CE9B6D1DA66E}.Release|x86.Build.0 = Release|Any CPU
		{3EB87D0B-F3EA-47B1-B196-0578E3E951FE}.Debug|Any CPU.ActiveCfg = Debug|Any CPU
		{3EB87D0B-F3EA-47B1-B196-0578E3E951FE}.Debug|Any CPU.Build.0 = Debug|Any CPU
		{3EB87D0B-F3EA-47B1-B196-0578E3E951FE}.Debug|x64.ActiveCfg = Debug|Any CPU
		{3EB87D0B-F3EA-47B1-B196-0578E3E951FE}.Debug|x64.Build.0 = Debug|Any CPU
		{3EB87D0B-F3EA-47B1-B196-0578E3E951FE}.Debug|x86.ActiveCfg = Debug|Any CPU
		{3EB87D0B-F3EA-47B1-B196-0578E3E951FE}.Debug|x86.Build.0 = Debug|Any CPU
		{3EB87D0B-F3EA-47B1-B196-0578E3E951FE}.Release|Any CPU.ActiveCfg = Release|Any CPU
		{3EB87D0B-F3EA-47B1-B196-0578E3E951FE}.Release|Any CPU.Build.0 = Release|Any CPU
		{3EB87D0B-F3EA-47B1-B196-0578E3E951FE}.Release|x64.ActiveCfg = Release|Any CPU
		{3EB87D0B-F3EA-47B1-B196-0578E3E951FE}.Release|x64.Build.0 = Release|Any CPU
		{3EB87D0B-F3EA-47B1-B196-0578E3E951FE}.Release|x86.ActiveCfg = Release|Any CPU
		{3EB87D0B-F3EA-47B1-B196-0578E3E951FE}.Release|x86.Build.0 = Release|Any CPU
		{A0033699-F952-456E-B51D-E5F9AE47E300}.Debug|Any CPU.ActiveCfg = Debug|Any CPU
		{A0033699-F952-456E-B51D-E5F9AE47E300}.Debug|Any CPU.Build.0 = Debug|Any CPU
		{A0033699-F952-456E-B51D-E5F9AE47E300}.Debug|x64.ActiveCfg = Debug|Any CPU
		{A0033699-F952-456E-B51D-E5F9AE47E300}.Debug|x64.Build.0 = Debug|Any CPU
		{A0033699-F952-456E-B51D-E5F9AE47E300}.Debug|x86.ActiveCfg = Debug|Any CPU
		{A0033699-F952-456E-B51D-E5F9AE47E300}.Debug|x86.Build.0 = Debug|Any CPU
		{A0033699-F952-456E-B51D-E5F9AE47E300}.Release|Any CPU.ActiveCfg = Release|Any CPU
		{A0033699-F952-456E-B51D-E5F9AE47E300}.Release|Any CPU.Build.0 = Release|Any CPU
		{A0033699-F952-456E-B51D-E5F9AE47E300}.Release|x64.ActiveCfg = Release|Any CPU
		{A0033699-F952-456E-B51D-E5F9AE47E300}.Release|x64.Build.0 = Release|Any CPU
		{A0033699-F952-456E-B51D-E5F9AE47E300}.Release|x86.ActiveCfg = Release|Any CPU
		{A0033699-F952-456E-B51D-E5F9AE47E300}.Release|x86.Build.0 = Release|Any CPU
		{6F0AEF1E-145C-4907-BCFB-CDBED55BD763}.Debug|Any CPU.ActiveCfg = Debug|Any CPU
		{6F0AEF1E-145C-4907-BCFB-CDBED55BD763}.Debug|Any CPU.Build.0 = Debug|Any CPU
		{6F0AEF1E-145C-4907-BCFB-CDBED55BD763}.Debug|x64.ActiveCfg = Debug|Any CPU
		{6F0AEF1E-145C-4907-BCFB-CDBED55BD763}.Debug|x64.Build.0 = Debug|Any CPU
		{6F0AEF1E-145C-4907-BCFB-CDBED55BD763}.Debug|x86.ActiveCfg = Debug|Any CPU
		{6F0AEF1E-145C-4907-BCFB-CDBED55BD763}.Debug|x86.Build.0 = Debug|Any CPU
		{6F0AEF1E-145C-4907-BCFB-CDBED55BD763}.Release|Any CPU.ActiveCfg = Release|Any CPU
		{6F0AEF1E-145C-4907-BCFB-CDBED55BD763}.Release|Any CPU.Build.0 = Release|Any CPU
		{6F0AEF1E-145C-4907-BCFB-CDBED55BD763}.Release|x64.ActiveCfg = Release|Any CPU
		{6F0AEF1E-145C-4907-BCFB-CDBED55BD763}.Release|x64.Build.0 = Release|Any CPU
		{6F0AEF1E-145C-4907-BCFB-CDBED55BD763}.Release|x86.ActiveCfg = Release|Any CPU
		{6F0AEF1E-145C-4907-BCFB-CDBED55BD763}.Release|x86.Build.0 = Release|Any CPU
		{8C9122AB-DADA-4962-8BF4-70A096773279}.Debug|Any CPU.ActiveCfg = Debug|Any CPU
		{8C9122AB-DADA-4962-8BF4-70A096773279}.Debug|Any CPU.Build.0 = Debug|Any CPU
		{8C9122AB-DADA-4962-8BF4-70A096773279}.Debug|x64.ActiveCfg = Debug|Any CPU
		{8C9122AB-DADA-4962-8BF4-70A096773279}.Debug|x64.Build.0 = Debug|Any CPU
		{8C9122AB-DADA-4962-8BF4-70A096773279}.Debug|x86.ActiveCfg = Debug|Any CPU
		{8C9122AB-DADA-4962-8BF4-70A096773279}.Debug|x86.Build.0 = Debug|Any CPU
		{8C9122AB-DADA-4962-8BF4-70A096773279}.Release|Any CPU.ActiveCfg = Release|Any CPU
		{8C9122AB-DADA-4962-8BF4-70A096773279}.Release|Any CPU.Build.0 = Release|Any CPU
		{8C9122AB-DADA-4962-8BF4-70A096773279}.Release|x64.ActiveCfg = Release|Any CPU
		{8C9122AB-DADA-4962-8BF4-70A096773279}.Release|x64.Build.0 = Release|Any CPU
		{8C9122AB-DADA-4962-8BF4-70A096773279}.Release|x86.ActiveCfg = Release|Any CPU
		{8C9122AB-DADA-4962-8BF4-70A096773279}.Release|x86.Build.0 = Release|Any CPU
		{4AD95D83-1B5D-44C5-8106-122417D7D912}.Debug|Any CPU.ActiveCfg = Debug|Any CPU
		{4AD95D83-1B5D-44C5-8106-122417D7D912}.Debug|Any CPU.Build.0 = Debug|Any CPU
		{4AD95D83-1B5D-44C5-8106-122417D7D912}.Debug|x64.ActiveCfg = Debug|Any CPU
		{4AD95D83-1B5D-44C5-8106-122417D7D912}.Debug|x64.Build.0 = Debug|Any CPU
		{4AD95D83-1B5D-44C5-8106-122417D7D912}.Debug|x86.ActiveCfg = Debug|Any CPU
		{4AD95D83-1B5D-44C5-8106-122417D7D912}.Debug|x86.Build.0 = Debug|Any CPU
		{4AD95D83-1B5D-44C5-8106-122417D7D912}.Release|Any CPU.ActiveCfg = Release|Any CPU
		{4AD95D83-1B5D-44C5-8106-122417D7D912}.Release|Any CPU.Build.0 = Release|Any CPU
		{4AD95D83-1B5D-44C5-8106-122417D7D912}.Release|x64.ActiveCfg = Release|Any CPU
		{4AD95D83-1B5D-44C5-8106-122417D7D912}.Release|x64.Build.0 = Release|Any CPU
		{4AD95D83-1B5D-44C5-8106-122417D7D912}.Release|x86.ActiveCfg = Release|Any CPU
		{4AD95D83-1B5D-44C5-8106-122417D7D912}.Release|x86.Build.0 = Release|Any CPU
		{2EBA524D-BB2F-415F-BD8F-A057CCF6F76C}.Debug|Any CPU.ActiveCfg = Debug|Any CPU
		{2EBA524D-BB2F-415F-BD8F-A057CCF6F76C}.Debug|Any CPU.Build.0 = Debug|Any CPU
		{2EBA524D-BB2F-415F-BD8F-A057CCF6F76C}.Debug|x64.ActiveCfg = Debug|Any CPU
		{2EBA524D-BB2F-415F-BD8F-A057CCF6F76C}.Debug|x64.Build.0 = Debug|Any CPU
		{2EBA524D-BB2F-415F-BD8F-A057CCF6F76C}.Debug|x86.ActiveCfg = Debug|Any CPU
		{2EBA524D-BB2F-415F-BD8F-A057CCF6F76C}.Debug|x86.Build.0 = Debug|Any CPU
		{2EBA524D-BB2F-415F-BD8F-A057CCF6F76C}.Release|Any CPU.ActiveCfg = Release|Any CPU
		{2EBA524D-BB2F-415F-BD8F-A057CCF6F76C}.Release|Any CPU.Build.0 = Release|Any CPU
		{2EBA524D-BB2F-415F-BD8F-A057CCF6F76C}.Release|x64.ActiveCfg = Release|Any CPU
		{2EBA524D-BB2F-415F-BD8F-A057CCF6F76C}.Release|x64.Build.0 = Release|Any CPU
		{2EBA524D-BB2F-415F-BD8F-A057CCF6F76C}.Release|x86.ActiveCfg = Release|Any CPU
		{2EBA524D-BB2F-415F-BD8F-A057CCF6F76C}.Release|x86.Build.0 = Release|Any CPU
		{A3474B68-5282-4755-874F-7B8FA03B6D7B}.Debug|Any CPU.ActiveCfg = Debug|Any CPU
		{A3474B68-5282-4755-874F-7B8FA03B6D7B}.Debug|Any CPU.Build.0 = Debug|Any CPU
		{A3474B68-5282-4755-874F-7B8FA03B6D7B}.Debug|x64.ActiveCfg = Debug|Any CPU
		{A3474B68-5282-4755-874F-7B8FA03B6D7B}.Debug|x64.Build.0 = Debug|Any CPU
		{A3474B68-5282-4755-874F-7B8FA03B6D7B}.Debug|x86.ActiveCfg = Debug|Any CPU
		{A3474B68-5282-4755-874F-7B8FA03B6D7B}.Debug|x86.Build.0 = Debug|Any CPU
		{A3474B68-5282-4755-874F-7B8FA03B6D7B}.Release|Any CPU.ActiveCfg = Release|Any CPU
		{A3474B68-5282-4755-874F-7B8FA03B6D7B}.Release|Any CPU.Build.0 = Release|Any CPU
		{A3474B68-5282-4755-874F-7B8FA03B6D7B}.Release|x64.ActiveCfg = Release|Any CPU
		{A3474B68-5282-4755-874F-7B8FA03B6D7B}.Release|x64.Build.0 = Release|Any CPU
		{A3474B68-5282-4755-874F-7B8FA03B6D7B}.Release|x86.ActiveCfg = Release|Any CPU
		{A3474B68-5282-4755-874F-7B8FA03B6D7B}.Release|x86.Build.0 = Release|Any CPU
		{545BDA80-F4D2-4983-94A3-8292298A6FF8}.Debug|Any CPU.ActiveCfg = Debug|Any CPU
		{545BDA80-F4D2-4983-94A3-8292298A6FF8}.Debug|Any CPU.Build.0 = Debug|Any CPU
		{545BDA80-F4D2-4983-94A3-8292298A6FF8}.Debug|x64.ActiveCfg = Debug|Any CPU
		{545BDA80-F4D2-4983-94A3-8292298A6FF8}.Debug|x64.Build.0 = Debug|Any CPU
		{545BDA80-F4D2-4983-94A3-8292298A6FF8}.Debug|x86.ActiveCfg = Debug|Any CPU
		{545BDA80-F4D2-4983-94A3-8292298A6FF8}.Debug|x86.Build.0 = Debug|Any CPU
		{545BDA80-F4D2-4983-94A3-8292298A6FF8}.Release|Any CPU.ActiveCfg = Release|Any CPU
		{545BDA80-F4D2-4983-94A3-8292298A6FF8}.Release|Any CPU.Build.0 = Release|Any CPU
		{545BDA80-F4D2-4983-94A3-8292298A6FF8}.Release|x64.ActiveCfg = Release|Any CPU
		{545BDA80-F4D2-4983-94A3-8292298A6FF8}.Release|x64.Build.0 = Release|Any CPU
		{545BDA80-F4D2-4983-94A3-8292298A6FF8}.Release|x86.ActiveCfg = Release|Any CPU
		{545BDA80-F4D2-4983-94A3-8292298A6FF8}.Release|x86.Build.0 = Release|Any CPU
		{9C3E2D16-A9E7-47A3-B180-69DD6D2F80F5}.Debug|Any CPU.ActiveCfg = Debug|Any CPU
		{9C3E2D16-A9E7-47A3-B180-69DD6D2F80F5}.Debug|Any CPU.Build.0 = Debug|Any CPU
		{9C3E2D16-A9E7-47A3-B180-69DD6D2F80F5}.Debug|x64.ActiveCfg = Debug|Any CPU
		{9C3E2D16-A9E7-47A3-B180-69DD6D2F80F5}.Debug|x64.Build.0 = Debug|Any CPU
		{9C3E2D16-A9E7-47A3-B180-69DD6D2F80F5}.Debug|x86.ActiveCfg = Debug|Any CPU
		{9C3E2D16-A9E7-47A3-B180-69DD6D2F80F5}.Debug|x86.Build.0 = Debug|Any CPU
		{9C3E2D16-A9E7-47A3-B180-69DD6D2F80F5}.Release|Any CPU.ActiveCfg = Release|Any CPU
		{9C3E2D16-A9E7-47A3-B180-69DD6D2F80F5}.Release|Any CPU.Build.0 = Release|Any CPU
		{9C3E2D16-A9E7-47A3-B180-69DD6D2F80F5}.Release|x64.ActiveCfg = Release|Any CPU
		{9C3E2D16-A9E7-47A3-B180-69DD6D2F80F5}.Release|x64.Build.0 = Release|Any CPU
		{9C3E2D16-A9E7-47A3-B180-69DD6D2F80F5}.Release|x86.ActiveCfg = Release|Any CPU
		{9C3E2D16-A9E7-47A3-B180-69DD6D2F80F5}.Release|x86.Build.0 = Release|Any CPU
		{067DE4AB-24C1-4BBD-A2C8-CCF0F5A86DE1}.Debug|Any CPU.ActiveCfg = Debug|Any CPU
		{067DE4AB-24C1-4BBD-A2C8-CCF0F5A86DE1}.Debug|Any CPU.Build.0 = Debug|Any CPU
		{067DE4AB-24C1-4BBD-A2C8-CCF0F5A86DE1}.Debug|x64.ActiveCfg = Debug|Any CPU
		{067DE4AB-24C1-4BBD-A2C8-CCF0F5A86DE1}.Debug|x64.Build.0 = Debug|Any CPU
		{067DE4AB-24C1-4BBD-A2C8-CCF0F5A86DE1}.Debug|x86.ActiveCfg = Debug|Any CPU
		{067DE4AB-24C1-4BBD-A2C8-CCF0F5A86DE1}.Debug|x86.Build.0 = Debug|Any CPU
		{067DE4AB-24C1-4BBD-A2C8-CCF0F5A86DE1}.Release|Any CPU.ActiveCfg = Release|Any CPU
		{067DE4AB-24C1-4BBD-A2C8-CCF0F5A86DE1}.Release|Any CPU.Build.0 = Release|Any CPU
		{067DE4AB-24C1-4BBD-A2C8-CCF0F5A86DE1}.Release|x64.ActiveCfg = Release|Any CPU
		{067DE4AB-24C1-4BBD-A2C8-CCF0F5A86DE1}.Release|x64.Build.0 = Release|Any CPU
		{067DE4AB-24C1-4BBD-A2C8-CCF0F5A86DE1}.Release|x86.ActiveCfg = Release|Any CPU
		{067DE4AB-24C1-4BBD-A2C8-CCF0F5A86DE1}.Release|x86.Build.0 = Release|Any CPU
		{B9F67836-F8EC-4CAD-9147-08C8563A6DD5}.Debug|Any CPU.ActiveCfg = Debug|Any CPU
		{B9F67836-F8EC-4CAD-9147-08C8563A6DD5}.Debug|Any CPU.Build.0 = Debug|Any CPU
		{B9F67836-F8EC-4CAD-9147-08C8563A6DD5}.Debug|x64.ActiveCfg = Debug|Any CPU
		{B9F67836-F8EC-4CAD-9147-08C8563A6DD5}.Debug|x64.Build.0 = Debug|Any CPU
		{B9F67836-F8EC-4CAD-9147-08C8563A6DD5}.Debug|x86.ActiveCfg = Debug|Any CPU
		{B9F67836-F8EC-4CAD-9147-08C8563A6DD5}.Debug|x86.Build.0 = Debug|Any CPU
		{B9F67836-F8EC-4CAD-9147-08C8563A6DD5}.Release|Any CPU.ActiveCfg = Release|Any CPU
		{B9F67836-F8EC-4CAD-9147-08C8563A6DD5}.Release|Any CPU.Build.0 = Release|Any CPU
		{B9F67836-F8EC-4CAD-9147-08C8563A6DD5}.Release|x64.ActiveCfg = Release|Any CPU
		{B9F67836-F8EC-4CAD-9147-08C8563A6DD5}.Release|x64.Build.0 = Release|Any CPU
		{B9F67836-F8EC-4CAD-9147-08C8563A6DD5}.Release|x86.ActiveCfg = Release|Any CPU
		{B9F67836-F8EC-4CAD-9147-08C8563A6DD5}.Release|x86.Build.0 = Release|Any CPU
		{044B68BD-8246-4BBF-A060-46D1C91C29CA}.Debug|Any CPU.ActiveCfg = Debug|Any CPU
		{044B68BD-8246-4BBF-A060-46D1C91C29CA}.Debug|Any CPU.Build.0 = Debug|Any CPU
		{044B68BD-8246-4BBF-A060-46D1C91C29CA}.Debug|x64.ActiveCfg = Debug|Any CPU
		{044B68BD-8246-4BBF-A060-46D1C91C29CA}.Debug|x64.Build.0 = Debug|Any CPU
		{044B68BD-8246-4BBF-A060-46D1C91C29CA}.Debug|x86.ActiveCfg = Debug|Any CPU
		{044B68BD-8246-4BBF-A060-46D1C91C29CA}.Debug|x86.Build.0 = Debug|Any CPU
		{044B68BD-8246-4BBF-A060-46D1C91C29CA}.Release|Any CPU.ActiveCfg = Release|Any CPU
		{044B68BD-8246-4BBF-A060-46D1C91C29CA}.Release|Any CPU.Build.0 = Release|Any CPU
		{044B68BD-8246-4BBF-A060-46D1C91C29CA}.Release|x64.ActiveCfg = Release|Any CPU
		{044B68BD-8246-4BBF-A060-46D1C91C29CA}.Release|x64.Build.0 = Release|Any CPU
		{044B68BD-8246-4BBF-A060-46D1C91C29CA}.Release|x86.ActiveCfg = Release|Any CPU
		{044B68BD-8246-4BBF-A060-46D1C91C29CA}.Release|x86.Build.0 = Release|Any CPU
		{421D789F-C2A2-4496-A1ED-82F6BFF33DE7}.Debug|Any CPU.ActiveCfg = Debug|Any CPU
		{421D789F-C2A2-4496-A1ED-82F6BFF33DE7}.Debug|Any CPU.Build.0 = Debug|Any CPU
		{421D789F-C2A2-4496-A1ED-82F6BFF33DE7}.Debug|x64.ActiveCfg = Debug|Any CPU
		{421D789F-C2A2-4496-A1ED-82F6BFF33DE7}.Debug|x64.Build.0 = Debug|Any CPU
		{421D789F-C2A2-4496-A1ED-82F6BFF33DE7}.Debug|x86.ActiveCfg = Debug|Any CPU
		{421D789F-C2A2-4496-A1ED-82F6BFF33DE7}.Debug|x86.Build.0 = Debug|Any CPU
		{421D789F-C2A2-4496-A1ED-82F6BFF33DE7}.Release|Any CPU.ActiveCfg = Release|Any CPU
		{421D789F-C2A2-4496-A1ED-82F6BFF33DE7}.Release|Any CPU.Build.0 = Release|Any CPU
		{421D789F-C2A2-4496-A1ED-82F6BFF33DE7}.Release|x64.ActiveCfg = Release|Any CPU
		{421D789F-C2A2-4496-A1ED-82F6BFF33DE7}.Release|x64.Build.0 = Release|Any CPU
		{421D789F-C2A2-4496-A1ED-82F6BFF33DE7}.Release|x86.ActiveCfg = Release|Any CPU
		{421D789F-C2A2-4496-A1ED-82F6BFF33DE7}.Release|x86.Build.0 = Release|Any CPU
	EndGlobalSection
	GlobalSection(SolutionProperties) = preSolution
		HideSolutionNode = FALSE
	EndGlobalSection
	GlobalSection(NestedProjects) = preSolution
		{8FBB0576-E102-481B-ABA6-A7310090F114} = {F8307FEE-DD20-42F1-8CC5-9A9494A0862A}
		{73491B36-2BF1-4B56-95DA-DBB29450D5B0} = {F8307FEE-DD20-42F1-8CC5-9A9494A0862A}
		{10D4717E-E978-4975-9412-CE9B6D1DA66E} = {F8307FEE-DD20-42F1-8CC5-9A9494A0862A}
		{3EB87D0B-F3EA-47B1-B196-0578E3E951FE} = {F8307FEE-DD20-42F1-8CC5-9A9494A0862A}
		{6F0AEF1E-145C-4907-BCFB-CDBED55BD763} = {F8307FEE-DD20-42F1-8CC5-9A9494A0862A}
		{8C9122AB-DADA-4962-8BF4-70A096773279} = {F8307FEE-DD20-42F1-8CC5-9A9494A0862A}
		{4AD95D83-1B5D-44C5-8106-122417D7D912} = {F8307FEE-DD20-42F1-8CC5-9A9494A0862A}
		{2EBA524D-BB2F-415F-BD8F-A057CCF6F76C} = {F8307FEE-DD20-42F1-8CC5-9A9494A0862A}
		{A3474B68-5282-4755-874F-7B8FA03B6D7B} = {F8307FEE-DD20-42F1-8CC5-9A9494A0862A}
		{545BDA80-F4D2-4983-94A3-8292298A6FF8} = {F8307FEE-DD20-42F1-8CC5-9A9494A0862A}
		{9C3E2D16-A9E7-47A3-B180-69DD6D2F80F5} = {F8307FEE-DD20-42F1-8CC5-9A9494A0862A}
		{067DE4AB-24C1-4BBD-A2C8-CCF0F5A86DE1} = {F8307FEE-DD20-42F1-8CC5-9A9494A0862A}
		{B9F67836-F8EC-4CAD-9147-08C8563A6DD5} = {F8307FEE-DD20-42F1-8CC5-9A9494A0862A}
		{044B68BD-8246-4BBF-A060-46D1C91C29CA} = {F8307FEE-DD20-42F1-8CC5-9A9494A0862A}
		{421D789F-C2A2-4496-A1ED-82F6BFF33DE7} = {F8307FEE-DD20-42F1-8CC5-9A9494A0862A}
	EndGlobalSection
	GlobalSection(ExtensibilityGlobals) = postSolution
		SolutionGuid = {F53316CA-155A-4ED0-BB3E-0FC5A1CDBBAC}
	EndGlobalSection
EndGlobal
